{
  "lockfile_version": "1",
  "packages": {
    "claude-code@latest": {
      "last_modified": "2025-12-03T20:43:00Z",
      "resolved": "github:NixOS/nixpkgs/ebc94f855ef25347c314258c10393a92794e7ab9#claude-code",
      "source": "devbox-search",
      "version": "2.0.57",
      "systems": {
        "aarch64-darwin": {
          "outputs": [
            {
              "name": "out",
              "path": "/nix/store/j3gnr0821mcvd7wyyixbl7g63vlizinx-claude-code-2.0.57",
              "default": true
            }
          ],
          "store_path": "/nix/store/j3gnr0821mcvd7wyyixbl7g63vlizinx-claude-code-2.0.57"
        },
        "aarch64-linux": {
          "outputs": [
            {
              "name": "out",
              "path": "/nix/store/ny2bh9rfr9zrbh48jgricl7p4rck4zya-claude-code-2.0.57",
              "default": true
            }
          ],
          "store_path": "/nix/store/ny2bh9rfr9zrbh48jgricl7p4rck4zya-claude-code-2.0.57"
        },
        "x86_64-darwin": {
          "outputs": [
            {
              "name": "out",
              "path": "/nix/store/ldfsjnvfhpbfch1rs7wfcvw3gvqc0xvv-claude-code-2.0.57",
              "default": true
            }
          ],
          "store_path": "/nix/store/ldfsjnvfhpbfch1rs7wfcvw3gvqc0xvv-claude-code-2.0.57"
        },
        "x86_64-linux": {
          "outputs": [
            {
              "name": "out",
              "path": "/nix/store/27811lg7cs54m1nshaf9lj2nnpjvshc2-claude-code-2.0.57",
              "default": true
            }
          ],
          "store_path": "/nix/store/27811lg7cs54m1nshaf9lj2nnpjvshc2-claude-code-2.0.57"
        }
      }
    },
    "direnv@latest": {
      "last_modified": "2025-11-23T21:50:36Z",
      "resolved": "github:NixOS/nixpkgs/ee09932cedcef15aaf476f9343d1dea2cb77e261#direnv",
      "source": "devbox-search",
      "version": "2.37.1",
      "systems": {
        "aarch64-darwin": {
          "outputs": [
            {
              "name": "out",
              "path": "/nix/store/jvqli6w4plrjipvq1zs2k096rmiq5a3j-direnv-2.37.1",
              "default": true
            }
          ],
          "store_path": "/nix/store/jvqli6w4plrjipvq1zs2k096rmiq5a3j-direnv-2.37.1"
        },
        "aarch64-linux": {
          "outputs": [
            {
              "name": "out",
              "path": "/nix/store/bimg3r15l5y511f0nwsbj05za20h682y-direnv-2.37.1",
              "default": true
            }
          ],
          "store_path": "/nix/store/bimg3r15l5y511f0nwsbj05za20h682y-direnv-2.37.1"
        },
        "x86_64-darwin": {
          "outputs": [
            {
              "name": "out",
              "path": "/nix/store/likv1z3frckgb92yzj92d8lbc3ahzpq0-direnv-2.37.1",
              "default": true
            }
          ],
          "store_path": "/nix/store/likv1z3frckgb92yzj92d8lbc3ahzpq0-direnv-2.37.1"
        },
        "x86_64-linux": {
          "outputs": [
            {
              "name": "out",
              "path": "/nix/store/wpj4la1jgf0p8aimfzx49gfr3228vk8f-direnv-2.37.1",
              "default": true
            }
          ],
          "store_path": "/nix/store/wpj4la1jgf0p8aimfzx49gfr3228vk8f-direnv-2.37.1"
        }
      }
    },
    "elmPackages.elm-language-server@latest": {
      "last_modified": "2025-11-23T21:50:36Z",
      "resolved": "github:NixOS/nixpkgs/ee09932cedcef15aaf476f9343d1dea2cb77e261#elmPackages.elm-language-server",
      "source": "devbox-search",
      "version": "2.8.0",
      "systems": {
        "aarch64-darwin": {
          "outputs": [
            {
              "name": "out",
              "path": "/nix/store/a6bp6n9cahf1ac9rx9p6k5w2wcv2jabh-elm-language-server-2.8.0",
              "default": true
            }
          ],
          "store_path": "/nix/store/a6bp6n9cahf1ac9rx9p6k5w2wcv2jabh-elm-language-server-2.8.0"
        },
        "aarch64-linux": {
          "outputs": [
            {
              "name": "out",
              "path": "/nix/store/yv6nwa3v0xck8nj8iqf3nfdnvnpam5nh-elm-language-server-2.8.0",
              "default": true
            }
          ],
          "store_path": "/nix/store/yv6nwa3v0xck8nj8iqf3nfdnvnpam5nh-elm-language-server-2.8.0"
        },
        "x86_64-darwin": {
          "outputs": [
            {
              "name": "out",
              "path": "/nix/store/kvahyr30fyaszxjsaixw6m5fpwl3xzrj-elm-language-server-2.8.0",
              "default": true
            }
          ],
          "store_path": "/nix/store/kvahyr30fyaszxjsaixw6m5fpwl3xzrj-elm-language-server-2.8.0"
        },
        "x86_64-linux": {
          "outputs": [
            {
              "name": "out",
              "path": "/nix/store/zf7a7mp3kjdbzkwadxgqwzplirkn8xyg-elm-language-server-2.8.0",
              "default": true
            }
          ],
          "store_path": "/nix/store/zf7a7mp3kjdbzkwadxgqwzplirkn8xyg-elm-language-server-2.8.0"
        }
      }
    },
    "ffmpeg@latest": {
      "last_modified": "2025-12-03T20:43:00Z",
      "resolved": "github:NixOS/nixpkgs/ebc94f855ef25347c314258c10393a92794e7ab9#ffmpeg",
      "source": "devbox-search",
      "version": "8.0",
      "systems": {
        "aarch64-darwin": {
          "outputs": [
            {
              "name": "bin",
              "path": "/nix/store/xkly4if0pl4jrpnwl66qq6hsa30jqism-ffmpeg-8.0-bin",
              "default": true
            },
            {
              "name": "man",
              "path": "/nix/store/blf6kdac8af359h33095bp660jh1k63d-ffmpeg-8.0-man",
              "default": true
            },
            {
              "name": "data",
              "path": "/nix/store/s6kgda4wzpzn6z33k7anjz546xq14p1v-ffmpeg-8.0-data"
            },
            {
              "name": "dev",
              "path": "/nix/store/lmvr3707jh523597vq6daaaxm2w4bdnm-ffmpeg-8.0-dev"
            },
            {
              "name": "doc",
              "path": "/nix/store/axxwak38574iy3zxa940pbiyvihzgyix-ffmpeg-8.0-doc"
            },
            {
              "name": "lib",
              "path": "/nix/store/4iyg64p917wzvmr00jmvijm5lkhb5ra5-ffmpeg-8.0-lib"
            },
            {
              "name": "out",
              "path": "/nix/store/wwm8rsnhb3w96iw4jnq4vp9hh3sgs08g-ffmpeg-8.0"
            }
          ],
          "store_path": "/nix/store/xkly4if0pl4jrpnwl66qq6hsa30jqism-ffmpeg-8.0-bin"
        },
        "aarch64-linux": {
          "outputs": [
            {
              "name": "bin",
              "path": "/nix/store/h1ki3gm02fzxlqk7dzxiy5k4lf2rggv3-ffmpeg-8.0-bin",
              "default": true
            },
            {
              "name": "man",
              "path": "/nix/store/hxpbigvydy94bl4i32znv924cxbb3x6a-ffmpeg-8.0-man",
              "default": true
            },
            {
              "name": "out",
              "path": "/nix/store/j35y1nba21xv5hjn3a16bb4qa63sy8r2-ffmpeg-8.0"
            },
            {
              "name": "data",
              "path": "/nix/store/a16jj57mlq8g24vb2pcm04w0d3jjqa9m-ffmpeg-8.0-data"
            },
            {
              "name": "dev",
              "path": "/nix/store/lvdqvspcrg1252n8xi4pvml91iiy38vf-ffmpeg-8.0-dev"
            },
            {
              "name": "doc",
              "path": "/nix/store/biibdc36nq5hrcimspkc9m3s061qni2s-ffmpeg-8.0-doc"
            },
            {
              "name": "lib",
              "path": "/nix/store/s9qxhpy05fpq44jl3fyxz130pdvidqby-ffmpeg-8.0-lib"
            }
          ],
          "store_path": "/nix/store/h1ki3gm02fzxlqk7dzxiy5k4lf2rggv3-ffmpeg-8.0-bin"
        },
        "x86_64-darwin": {
          "outputs": [
            {
              "name": "bin",
              "path": "/nix/store/8vm16l3qxpylyyvnyd35qgypkjjbbja3-ffmpeg-8.0-bin",
              "default": true
            },
            {
              "name": "man",
              "path": "/nix/store/fnsva43bp7w1p540q9ylrq30ymhfy43w-ffmpeg-8.0-man",
              "default": true
            },
            {
              "name": "lib",
              "path": "/nix/store/rv5rv5i250yq6shfbqlbcyqcncdr0wzl-ffmpeg-8.0-lib"
            },
            {
              "name": "out",
              "path": "/nix/store/a1rbfgik57gm7mc89szlxkb2khqf953r-ffmpeg-8.0"
            },
            {
              "name": "data",
              "path": "/nix/store/k3wzljhls4bn42m5cv0nz80rzai7nadd-ffmpeg-8.0-data"
            },
            {
              "name": "dev",
              "path": "/nix/store/5jn79m47i62srkzw58yjf344ixbvhrqb-ffmpeg-8.0-dev"
            },
            {
              "name": "doc",
              "path": "/nix/store/sb2g54v1v7pq2r6rl2r6mjdnq98pfr5f-ffmpeg-8.0-doc"
            }
          ],
          "store_path": "/nix/store/8vm16l3qxpylyyvnyd35qgypkjjbbja3-ffmpeg-8.0-bin"
        },
        "x86_64-linux": {
          "outputs": [
            {
              "name": "bin",
              "path": "/nix/store/7nfpzp8f2jadvw8ph7qfjjn7f79lgn8w-ffmpeg-8.0-bin",
              "default": true
            },
            {
              "name": "man",
              "path": "/nix/store/ac8d8qc9p6qgy7mlk4y4dqlz105p6aki-ffmpeg-8.0-man",
              "default": true
            },
            {
              "name": "doc",
              "path": "/nix/store/3czk7xmcam9518cnaf4b7gys6szbr0rf-ffmpeg-8.0-doc"
            },
            {
              "name": "lib",
              "path": "/nix/store/smns0ny2jjfs4vm2y4zv0bdanwx00fdy-ffmpeg-8.0-lib"
            },
            {
              "name": "out",
              "path": "/nix/store/s5s7arjvlhmcghd8q8lzp76wv79l42xh-ffmpeg-8.0"
            },
            {
              "name": "data",
              "path": "/nix/store/hkv9pf4gvr9bkhb4vzjcycylry6isr4g-ffmpeg-8.0-data"
            },
            {
              "name": "dev",
              "path": "/nix/store/c1sg6zbmdq5pc8bw3h58563w7aw8p2c3-ffmpeg-8.0-dev"
            }
          ],
          "store_path": "/nix/store/7nfpzp8f2jadvw8ph7qfjjn7f79lgn8w-ffmpeg-8.0-bin"
        }
      }
    },
    "fish@latest": {
      "last_modified": "2025-11-23T21:50:36Z",
      "resolved": "github:NixOS/nixpkgs/ee09932cedcef15aaf476f9343d1dea2cb77e261#fish",
      "source": "devbox-search",
      "version": "4.2.1",
      "systems": {
        "aarch64-darwin": {
          "outputs": [
            {
              "name": "out",
              "path": "/nix/store/djms86zh0yjgss1bbk2gj5xn1w8ag5fp-fish-4.2.1",
              "default": true
            },
            {
              "name": "doc",
              "path": "/nix/store/4myp159wajsxw3kl988xvbzl78hnj522-fish-4.2.1-doc"
            }
          ],
          "store_path": "/nix/store/djms86zh0yjgss1bbk2gj5xn1w8ag5fp-fish-4.2.1"
        },
        "aarch64-linux": {
          "outputs": [
            {
              "name": "out",
              "path": "/nix/store/dhr22n7l3dl2dqaf7awlq2i1ds48gzr9-fish-4.2.1",
              "default": true
            },
            {
              "name": "doc",
              "path": "/nix/store/d3671wd2z47n12r3sralhxnb9q90c4sq-fish-4.2.1-doc"
            }
          ],
          "store_path": "/nix/store/dhr22n7l3dl2dqaf7awlq2i1ds48gzr9-fish-4.2.1"
        },
        "x86_64-darwin": {
          "outputs": [
            {
              "name": "out",
              "path": "/nix/store/7x1rq9nzqgqmxqb11rhmbp4s7bv151l2-fish-4.2.1",
              "default": true
            },
            {
              "name": "doc",
              "path": "/nix/store/zn9jj9i4fcvhza9kc2bkaw1v0zd48v7f-fish-4.2.1-doc"
            }
          ],
          "store_path": "/nix/store/7x1rq9nzqgqmxqb11rhmbp4s7bv151l2-fish-4.2.1"
        },
        "x86_64-linux": {
          "outputs": [
            {
              "name": "out",
              "path": "/nix/store/fbb07rx324bpscfzzkg05diw70igbfvk-fish-4.2.1",
              "default": true
            },
            {
              "name": "doc",
              "path": "/nix/store/lsd5qrqdsp53460wkhhhc5zy33mw0zkm-fish-4.2.1-doc"
            }
          ],
          "store_path": "/nix/store/fbb07rx324bpscfzzkg05diw70igbfvk-fish-4.2.1"
        }
      }
    },
    "fzf@latest": {
      "last_modified": "2025-11-23T21:50:36Z",
      "resolved": "github:NixOS/nixpkgs/ee09932cedcef15aaf476f9343d1dea2cb77e261#fzf",
      "source": "devbox-search",
      "version": "0.67.0",
      "systems": {
        "aarch64-darwin": {
          "outputs": [
            {
              "name": "out",
              "path": "/nix/store/xrg598pzlspl3ayvidaivf5h6c2cpqw2-fzf-0.67.0",
              "default": true
            },
            {
              "name": "man",
              "path": "/nix/store/42n9ja9x3ncd49dfz85wa671gh4mbg1v-fzf-0.67.0-man",
              "default": true
            }
          ],
          "store_path": "/nix/store/xrg598pzlspl3ayvidaivf5h6c2cpqw2-fzf-0.67.0"
        },
        "aarch64-linux": {
          "outputs": [
            {
              "name": "out",
              "path": "/nix/store/rr74d79lmba7j6gms3a8lmn6gy3fps2w-fzf-0.67.0",
              "default": true
            },
            {
              "name": "man",
              "path": "/nix/store/c9zx1l9j3lq9n7q91g3j9wvfi8rffmcg-fzf-0.67.0-man",
              "default": true
            }
          ],
          "store_path": "/nix/store/rr74d79lmba7j6gms3a8lmn6gy3fps2w-fzf-0.67.0"
        },
        "x86_64-darwin": {
          "outputs": [
            {
              "name": "out",
              "path": "/nix/store/zj7xhs92xwxnzjdsa6xi0dkic36hwlbm-fzf-0.67.0",
              "default": true
            },
            {
              "name": "man",
              "path": "/nix/store/imszapzmajd2sxgih3mrgsmyjvq3axg4-fzf-0.67.0-man",
              "default": true
            }
          ],
          "store_path": "/nix/store/zj7xhs92xwxnzjdsa6xi0dkic36hwlbm-fzf-0.67.0"
        },
        "x86_64-linux": {
          "outputs": [
            {
              "name": "out",
              "path": "/nix/store/lc3zmvfh5cyzdgijm8f5sjgd0q3hl9pk-fzf-0.67.0",
              "default": true
            },
            {
              "name": "man",
              "path": "/nix/store/vgwv0ihsax0bkkms9h5x3vk2595kz08x-fzf-0.67.0-man",
              "default": true
            }
          ],
          "store_path": "/nix/store/lc3zmvfh5cyzdgijm8f5sjgd0q3hl9pk-fzf-0.67.0"
        }
      }
    },
    "gemini-cli@latest": {
      "last_modified": "2025-11-29T19:37:08Z",
      "resolved": "github:NixOS/nixpkgs/a09378c0108815dbf3961a0e085936f4146ec415#gemini-cli",
      "source": "devbox-search",
      "version": "0.18.4",
      "systems": {
        "aarch64-darwin": {
          "outputs": [
            {
              "name": "out",
              "path": "/nix/store/lqqdns3bzgxkanj5jccj7skn81lylzyp-gemini-cli-0.18.4",
              "default": true
            }
          ],
          "store_path": "/nix/store/lqqdns3bzgxkanj5jccj7skn81lylzyp-gemini-cli-0.18.4"
        },
        "aarch64-linux": {
          "outputs": [
            {
              "name": "out",
              "path": "/nix/store/i53kvp6ar6g9m29ckp8g4knn4f7k29gd-gemini-cli-0.18.4",
              "default": true
            }
          ],
          "store_path": "/nix/store/i53kvp6ar6g9m29ckp8g4knn4f7k29gd-gemini-cli-0.18.4"
        },
        "x86_64-darwin": {
          "outputs": [
            {
              "name": "out",
              "path": "/nix/store/4f5b3pqcs91zsmnkwnfs53rpf3f8ivmz-gemini-cli-0.18.4",
              "default": true
            }
          ],
          "store_path": "/nix/store/4f5b3pqcs91zsmnkwnfs53rpf3f8ivmz-gemini-cli-0.18.4"
        },
        "x86_64-linux": {
          "outputs": [
            {
              "name": "out",
              "path": "/nix/store/fmq7w5aav46lxrdkz1q7j04nr0znrafw-gemini-cli-0.18.4",
              "default": true
            }
          ],
          "store_path": "/nix/store/fmq7w5aav46lxrdkz1q7j04nr0znrafw-gemini-cli-0.18.4"
        }
      }
    },
    "gh@latest": {
      "last_modified": "2025-11-23T21:50:36Z",
      "resolved": "github:NixOS/nixpkgs/ee09932cedcef15aaf476f9343d1dea2cb77e261#gh",
      "source": "devbox-search",
      "version": "2.83.1",
      "systems": {
        "aarch64-darwin": {
          "outputs": [
            {
              "name": "out",
              "path": "/nix/store/jcfc6p66x7qnrwf2dn83gaar13swpfka-gh-2.83.1",
              "default": true
            }
          ],
          "store_path": "/nix/store/jcfc6p66x7qnrwf2dn83gaar13swpfka-gh-2.83.1"
        },
        "aarch64-linux": {
          "outputs": [
            {
              "name": "out",
              "path": "/nix/store/vr17vpprzabs961dj075z5wl6nw6b4w4-gh-2.83.1",
              "default": true
            }
          ],
          "store_path": "/nix/store/vr17vpprzabs961dj075z5wl6nw6b4w4-gh-2.83.1"
        },
        "x86_64-darwin": {
          "outputs": [
            {
              "name": "out",
              "path": "/nix/store/v1xrng4rrjshc9ini30l07rsc2dbi7fh-gh-2.83.1",
              "default": true
            }
          ],
          "store_path": "/nix/store/v1xrng4rrjshc9ini30l07rsc2dbi7fh-gh-2.83.1"
        },
        "x86_64-linux": {
          "outputs": [
            {
              "name": "out",
              "path": "/nix/store/y12yx7z4g4a3jbzh28h6yrpvcf6px5kl-gh-2.83.1",
              "default": true
            }
          ],
          "store_path": "/nix/store/y12yx7z4g4a3jbzh28h6yrpvcf6px5kl-gh-2.83.1"
        }
      }
    },
    "github:NixOS/nixpkgs/nixpkgs-unstable": {
      "last_modified": "2025-12-05T06:24:47Z",
      "resolved": "github:NixOS/nixpkgs/42e29df35be6ef54091d3a3b4e97056ce0a98ce8?lastModified=1764915887&narHash=sha256-CeBCJ9BMsuzVgn8GVfuSRZ6xeau7szzG0Xn6O%2FOxP9M%3D"
    },
    "jq@latest": {
      "last_modified": "2025-12-03T20:43:00Z",
      "resolved": "github:NixOS/nixpkgs/ebc94f855ef25347c314258c10393a92794e7ab9#jq",
      "source": "devbox-search",
      "version": "1.8.1",
      "systems": {
        "aarch64-darwin": {
          "outputs": [
            {
              "name": "bin",
              "path": "/nix/store/4hy1mm43nvmjpnyfsa80csbsg4wd8691-jq-1.8.1-bin",
              "default": true
            },
            {
              "name": "man",
              "path": "/nix/store/054063ybv64v877qmqd55pl68hri679w-jq-1.8.1-man",
              "default": true
            },
            {
              "name": "out",
              "path": "/nix/store/an0a5rm99xsaj4pqfnlwsnc288rb4chm-jq-1.8.1"
            },
            {
              "name": "dev",
              "path": "/nix/store/1l5dl9d9mcpm7i0r5bhb23xczlfd2i0i-jq-1.8.1-dev"
            },
            {
              "name": "doc",
              "path": "/nix/store/baidiqpr2sqdv59asy5a3gajpfn8sqig-jq-1.8.1-doc"
            }
          ],
          "store_path": "/nix/store/4hy1mm43nvmjpnyfsa80csbsg4wd8691-jq-1.8.1-bin"
        },
        "aarch64-linux": {
          "outputs": [
            {
              "name": "bin",
              "path": "/nix/store/3rmzb92a65vp55dmmzmh2qygq5wkdmb8-jq-1.8.1-bin",
              "default": true
            },
            {
              "name": "man",
              "path": "/nix/store/44gwjhi00hwkpy0csxjnm1h5zcsbvymw-jq-1.8.1-man",
              "default": true
            },
            {
              "name": "dev",
              "path": "/nix/store/xqy22d0ny10bcsczlgg02ni5lgp5zjc8-jq-1.8.1-dev"
            },
            {
              "name": "doc",
              "path": "/nix/store/36zp3bh3q76jq8pix9g9j54v36ddz20n-jq-1.8.1-doc"
            },
            {
              "name": "out",
              "path": "/nix/store/h7qs29xm3i5zq058g0r0a0f8qzwfwpfv-jq-1.8.1"
            }
          ],
          "store_path": "/nix/store/3rmzb92a65vp55dmmzmh2qygq5wkdmb8-jq-1.8.1-bin"
        },
        "x86_64-darwin": {
          "outputs": [
            {
              "name": "bin",
              "path": "/nix/store/0kz2h1wisnvpmavfra6n8fi0x2brhfg6-jq-1.8.1-bin",
              "default": true
            },
            {
              "name": "man",
              "path": "/nix/store/8xvsm6pzpya6jc3vfmxagxj46iz9hix9-jq-1.8.1-man",
              "default": true
            },
            {
              "name": "dev",
              "path": "/nix/store/w96fml250mbz0p0an0f7p6zfblrpz0pn-jq-1.8.1-dev"
            },
            {
              "name": "doc",
              "path": "/nix/store/k388l1qgp6dcn80njl1by9x5i2jy8i0m-jq-1.8.1-doc"
            },
            {
              "name": "out",
              "path": "/nix/store/30wa9jl18hjfi5756chyg4kl1164d5wk-jq-1.8.1"
            }
          ],
          "store_path": "/nix/store/0kz2h1wisnvpmavfra6n8fi0x2brhfg6-jq-1.8.1-bin"
        },
        "x86_64-linux": {
          "outputs": [
            {
              "name": "bin",
              "path": "/nix/store/qvbwz06cqra3cmlra40v0adw75j6j7wm-jq-1.8.1-bin",
              "default": true
            },
            {
              "name": "man",
              "path": "/nix/store/6wpy08grkd8315ad3wsx8dd92cx5n26z-jq-1.8.1-man",
              "default": true
            },
            {
              "name": "out",
              "path": "/nix/store/gs6yqc24w093xsnnz3kkhls8jz7pnffy-jq-1.8.1"
            },
            {
              "name": "dev",
              "path": "/nix/store/jq07r49vk5wa10a1kk2y87nwbbl62qxz-jq-1.8.1-dev"
            },
            {
              "name": "doc",
              "path": "/nix/store/brd1gvvbq8bblpbizmyjhsfwr7nlmvyq-jq-1.8.1-doc"
            }
          ],
          "store_path": "/nix/store/qvbwz06cqra3cmlra40v0adw75j6j7wm-jq-1.8.1-bin"
        }
      }
    },
    "mas@latest": {
      "last_modified": "2025-11-23T21:50:36Z",
      "resolved": "github:NixOS/nixpkgs/ee09932cedcef15aaf476f9343d1dea2cb77e261#mas",
      "source": "devbox-search",
      "version": "2.2.2",
      "systems": {
        "aarch64-darwin": {
          "outputs": [
            {
              "name": "out",
              "path": "/nix/store/9qwm81g80iynkzv1m9qprphva4cc5hw9-mas-2.2.2",
              "default": true
            }
          ],
          "store_path": "/nix/store/9qwm81g80iynkzv1m9qprphva4cc5hw9-mas-2.2.2"
        },
        "x86_64-darwin": {
          "outputs": [
            {
              "name": "out",
              "path": "/nix/store/gzjqjp63cy52sa4h8xcf2bvp48g47djr-mas-2.2.2",
              "default": true
            }
          ],
          "store_path": "/nix/store/gzjqjp63cy52sa4h8xcf2bvp48g47djr-mas-2.2.2"
        }
      }
    },
    "mercurial@latest": {
      "last_modified": "2025-11-23T21:50:36Z",
      "resolved": "github:NixOS/nixpkgs/ee09932cedcef15aaf476f9343d1dea2cb77e261#mercurial",
      "source": "devbox-search",
      "version": "7.1",
      "systems": {
        "aarch64-darwin": {
          "outputs": [
            {
              "name": "out",
              "path": "/nix/store/zl4853j8ph4z39vs01qms4byn8500icl-mercurial-7.1",
              "default": true
            }
          ],
          "store_path": "/nix/store/zl4853j8ph4z39vs01qms4byn8500icl-mercurial-7.1"
        },
        "aarch64-linux": {
          "outputs": [
            {
              "name": "out",
              "path": "/nix/store/mqhyikwsx8bqa1y6kvl208mk104cgag2-mercurial-7.1",
              "default": true
            }
          ],
          "store_path": "/nix/store/mqhyikwsx8bqa1y6kvl208mk104cgag2-mercurial-7.1"
        },
        "x86_64-darwin": {
          "outputs": [
            {
              "name": "out",
              "path": "/nix/store/l6ww9ha5xm1kic3xpsdnnq97qhpirbdq-mercurial-7.1",
              "default": true
            }
          ],
          "store_path": "/nix/store/l6ww9ha5xm1kic3xpsdnnq97qhpirbdq-mercurial-7.1"
        },
        "x86_64-linux": {
          "outputs": [
            {
              "name": "out",
              "path": "/nix/store/2fxm3nafmj7izb6hbvwghhjc0sy42hlm-mercurial-7.1",
              "default": true
            }
          ],
          "store_path": "/nix/store/2fxm3nafmj7izb6hbvwghhjc0sy42hlm-mercurial-7.1"
        }
      }
    },
    "nix-direnv@latest": {
      "last_modified": "2025-12-01T17:53:29Z",
      "resolved": "github:NixOS/nixpkgs/8c29968b3a942f2903f90797f9623737c215737c#nix-direnv",
      "source": "devbox-search",
      "version": "3.1.0",
      "systems": {
        "aarch64-darwin": {
          "outputs": [
            {
              "name": "out",
              "path": "/nix/store/cgnls4swapsrwj0d3ijyk2b9bcz3a2p7-nix-direnv-3.1.0",
              "default": true
            }
          ],
          "store_path": "/nix/store/cgnls4swapsrwj0d3ijyk2b9bcz3a2p7-nix-direnv-3.1.0"
        },
        "aarch64-linux": {
          "outputs": [
            {
              "name": "out",
              "path": "/nix/store/fybwhfiakq40djklw3nwiklqmndahrmi-nix-direnv-3.1.0",
              "default": true
            }
          ],
          "store_path": "/nix/store/fybwhfiakq40djklw3nwiklqmndahrmi-nix-direnv-3.1.0"
        },
        "x86_64-darwin": {
          "outputs": [
            {
              "name": "out",
              "path": "/nix/store/jn9li7p2pm8pgw3szhigkdfs3bpx94qj-nix-direnv-3.1.0",
              "default": true
            }
          ],
          "store_path": "/nix/store/jn9li7p2pm8pgw3szhigkdfs3bpx94qj-nix-direnv-3.1.0"
        },
        "x86_64-linux": {
          "outputs": [
            {
              "name": "out",
              "path": "/nix/store/5pa2rfih11v239w5gwwzil0h2ysijpw3-nix-direnv-3.1.0",
              "default": true
            }
          ],
          "store_path": "/nix/store/5pa2rfih11v239w5gwwzil0h2ysijpw3-nix-direnv-3.1.0"
        }
      }
    },
    "nodejs@latest": {
      "last_modified": "2025-11-28T00:47:27Z",
      "plugin_version": "0.0.2",
      "resolved": "github:NixOS/nixpkgs/cd5fedfc384cb98d9fd3827b55f4522f49efda42#nodejs_24",
      "source": "devbox-search",
      "version": "24.11.1",
      "systems": {
        "aarch64-darwin": {
          "outputs": [
            {
              "name": "out",
              "path": "/nix/store/h57ln4r40qr349z1r8ri90n9i9xid3r5-nodejs-24.11.1",
              "default": true
            },
            {
              "name": "dev",
              "path": "/nix/store/akmrc34ry4wil7wq8ghxbh2dpvikschh-nodejs-24.11.1-dev"
            },
            {
              "name": "libv8",
              "path": "/nix/store/h4ad12n85c04b2c5c1a4r8r5qr4i1afn-nodejs-24.11.1-libv8"
            }
          ],
          "store_path": "/nix/store/h57ln4r40qr349z1r8ri90n9i9xid3r5-nodejs-24.11.1"
        },
        "aarch64-linux": {
          "outputs": [
            {
              "name": "out",
              "path": "/nix/store/r46dnkahacvrnavv5945aizq8b61kbwc-nodejs-24.11.1",
              "default": true
            },
            {
              "name": "dev",
              "path": "/nix/store/82gbs5sgm1gpggsalpdlnxjkvr7bnkcc-nodejs-24.11.1-dev"
            },
            {
              "name": "libv8",
              "path": "/nix/store/7ihzshxrnl1xh935ff8va57aw1avwk5j-nodejs-24.11.1-libv8"
            }
          ],
          "store_path": "/nix/store/r46dnkahacvrnavv5945aizq8b61kbwc-nodejs-24.11.1"
        },
        "x86_64-darwin": {
          "outputs": [
            {
              "name": "out",
              "path": "/nix/store/68d27bbipwcv99inwbs6fb7vxbgd4q6j-nodejs-24.11.1",
              "default": true
            },
            {
              "name": "dev",
              "path": "/nix/store/xj8y0v2v5ssdxbpz1bz9yivn109g3i4x-nodejs-24.11.1-dev"
            },
            {
              "name": "libv8",
              "path": "/nix/store/136306lidz9kx8dlka3l2sf1q9i6ilc3-nodejs-24.11.1-libv8"
            }
          ],
          "store_path": "/nix/store/68d27bbipwcv99inwbs6fb7vxbgd4q6j-nodejs-24.11.1"
        },
        "x86_64-linux": {
          "outputs": [
            {
              "name": "out",
              "path": "/nix/store/lgggxsrdzisnbligi7irlh4qmqczs0xk-nodejs-24.11.1",
              "default": true
            },
            {
              "name": "dev",
              "path": "/nix/store/qayyvn6vq1yx49lr30kkrpdl1jy99752-nodejs-24.11.1-dev"
            },
            {
              "name": "libv8",
              "path": "/nix/store/i9s2w9xib1fbqrc2qmmyz17frhpvkmsk-nodejs-24.11.1-libv8"
            }
          ],
          "store_path": "/nix/store/lgggxsrdzisnbligi7irlh4qmqczs0xk-nodejs-24.11.1"
        }
      }
    },
    "openssl@latest": {
      "last_modified": "2025-12-03T20:43:00Z",
      "resolved": "github:NixOS/nixpkgs/ebc94f855ef25347c314258c10393a92794e7ab9#openssl",
      "source": "devbox-search",
      "version": "3.6.0",
      "systems": {
        "aarch64-darwin": {
          "outputs": [
            {
              "name": "bin",
              "path": "/nix/store/z9prisxci5h5lsk3rdknd4jzq7k9q13d-openssl-3.6.0-bin",
              "default": true
            },
            {
              "name": "man",
              "path": "/nix/store/ii9mnzr3i92mgk9dkgg65739mavd0j6f-openssl-3.6.0-man",
              "default": true
            },
            {
              "name": "dev",
              "path": "/nix/store/h0qgqik0mk0wn7rmm2kk3grfi1wzly74-openssl-3.6.0-dev"
            },
            {
              "name": "doc",
              "path": "/nix/store/yx3ip21fdaaxpjn5fbir02mqnaw9cm4f-openssl-3.6.0-doc"
            },
            {
              "name": "out",
              "path": "/nix/store/3z54dgks2mz3dhwddj158sdibll8xmq5-openssl-3.6.0"
            }
          ],
          "store_path": "/nix/store/z9prisxci5h5lsk3rdknd4jzq7k9q13d-openssl-3.6.0-bin"
        },
        "aarch64-linux": {
          "outputs": [
            {
              "name": "bin",
              "path": "/nix/store/wb6q44n9kcb5acmaa4rgqsajadx1fhhl-openssl-3.6.0-bin",
              "default": true
            },
            {
              "name": "man",
              "path": "/nix/store/c9n1alb7ypzjvzd47m16fiwfczz23qs3-openssl-3.6.0-man",
              "default": true
            },
            {
              "name": "dev",
              "path": "/nix/store/pq8b7fb3282g68pmk14mbyi20qn6chid-openssl-3.6.0-dev"
            },
            {
              "name": "doc",
              "path": "/nix/store/vaplp6w56dyz38986bgkf0pbg3r486b2-openssl-3.6.0-doc"
            },
            {
              "name": "out",
              "path": "/nix/store/nj50gkyx813dxvfmsg1q8m330hmf3h86-openssl-3.6.0"
            },
            {
              "name": "debug",
              "path": "/nix/store/ci6d4k1sj4bnr892lsrqqmjiihqsk0bl-openssl-3.6.0-debug"
            }
          ],
          "store_path": "/nix/store/wb6q44n9kcb5acmaa4rgqsajadx1fhhl-openssl-3.6.0-bin"
        },
        "x86_64-darwin": {
          "outputs": [
            {
              "name": "bin",
              "path": "/nix/store/m3xwn9n0jypwjgi256idfzs979g30j29-openssl-3.6.0-bin",
              "default": true
            },
            {
              "name": "man",
              "path": "/nix/store/hw43f3y1vl7ydrd4samnwnrwqqwkpisv-openssl-3.6.0-man",
              "default": true
            },
            {
              "name": "dev",
              "path": "/nix/store/dirjrfjk8jgsbdpslgb51cav6qaxn2vm-openssl-3.6.0-dev"
            },
            {
              "name": "doc",
              "path": "/nix/store/va1zhkz0nfmycvd0h239hi4w40qgaxcx-openssl-3.6.0-doc"
            },
            {
              "name": "out",
              "path": "/nix/store/q9a4wssx24xsy28w8kifdqizc01fh7sc-openssl-3.6.0"
            }
          ],
          "store_path": "/nix/store/m3xwn9n0jypwjgi256idfzs979g30j29-openssl-3.6.0-bin"
        },
        "x86_64-linux": {
          "outputs": [
            {
              "name": "bin",
              "path": "/nix/store/k0gl1zc7f5hk87lylxwbipb0b870bcmk-openssl-3.6.0-bin",
              "default": true
            },
            {
              "name": "man",
              "path": "/nix/store/a9jdl6xq9fc98ykpvqmc9kf0b0j9y8wh-openssl-3.6.0-man",
              "default": true
            },
            {
              "name": "debug",
              "path": "/nix/store/sqv8kbdgfxlr2d6nysr8c2715qpsi6f5-openssl-3.6.0-debug"
            },
            {
              "name": "dev",
              "path": "/nix/store/ydrckgnllgg8nmhdwni81h7xhcpnrlhd-openssl-3.6.0-dev"
            },
            {
              "name": "doc",
              "path": "/nix/store/cgp9ig35iwicfb9spcrgyg2m5dmlcgrv-openssl-3.6.0-doc"
            },
            {
              "name": "out",
              "path": "/nix/store/61i74yjkj9p1qphfl7018ja4sdwkipx0-openssl-3.6.0"
            }
          ],
          "store_path": "/nix/store/k0gl1zc7f5hk87lylxwbipb0b870bcmk-openssl-3.6.0-bin"
        }
      }
    },
    "pandoc@latest": {
      "last_modified": "2025-11-23T21:50:36Z",
      "resolved": "github:NixOS/nixpkgs/ee09932cedcef15aaf476f9343d1dea2cb77e261#pandoc",
      "source": "devbox-search",
      "version": "3.7.0.2",
      "systems": {
        "aarch64-darwin": {
          "outputs": [
            {
              "name": "out",
              "path": "/nix/store/83hx2pfbqk01hil6a2av5la7001gs5gk-pandoc-cli-3.7.0.2",
              "default": true
            }
          ],
          "store_path": "/nix/store/83hx2pfbqk01hil6a2av5la7001gs5gk-pandoc-cli-3.7.0.2"
        },
        "aarch64-linux": {
          "outputs": [
            {
              "name": "out",
              "path": "/nix/store/qyykaxf01x2jd4zaxhwp9kw59c51nh6f-pandoc-cli-3.7.0.2",
              "default": true
            }
          ],
          "store_path": "/nix/store/qyykaxf01x2jd4zaxhwp9kw59c51nh6f-pandoc-cli-3.7.0.2"
        },
        "x86_64-darwin": {
          "outputs": [
            {
              "name": "out",
              "path": "/nix/store/rvyfavdx62l3vc6mglq7z3lf2xkplfva-pandoc-cli-3.7.0.2",
              "default": true
            }
          ],
          "store_path": "/nix/store/rvyfavdx62l3vc6mglq7z3lf2xkplfva-pandoc-cli-3.7.0.2"
        },
        "x86_64-linux": {
          "outputs": [
            {
              "name": "out",
              "path": "/nix/store/l7y16c61s2brssgfm6qsvcrr4jdd7j5m-pandoc-cli-3.7.0.2",
              "default": true
            }
          ],
          "store_path": "/nix/store/l7y16c61s2brssgfm6qsvcrr4jdd7j5m-pandoc-cli-3.7.0.2"
        }
      }
    },
    "playwright-mcp@latest": {
      "last_modified": "2025-11-23T21:50:36Z",
      "resolved": "github:NixOS/nixpkgs/ee09932cedcef15aaf476f9343d1dea2cb77e261#playwright-mcp",
      "source": "devbox-search",
      "version": "0.0.34",
      "systems": {
        "aarch64-darwin": {
          "outputs": [
            {
              "name": "out",
              "path": "/nix/store/aksl6xwwmiw8gg0mq6pkx8zbbfp4vghm-playwright-mcp-0.0.34",
              "default": true
            }
          ],
          "store_path": "/nix/store/aksl6xwwmiw8gg0mq6pkx8zbbfp4vghm-playwright-mcp-0.0.34"
        },
        "aarch64-linux": {
          "outputs": [
            {
              "name": "out",
              "path": "/nix/store/xl9nahbsik9ll15pss9a8rf203nms4a7-playwright-mcp-0.0.34",
              "default": true
            }
          ],
          "store_path": "/nix/store/xl9nahbsik9ll15pss9a8rf203nms4a7-playwright-mcp-0.0.34"
        },
        "x86_64-darwin": {
          "outputs": [
            {
              "name": "out",
              "path": "/nix/store/5hcilllwcgp9f9xjdgdf446xbkn1b5qc-playwright-mcp-0.0.34",
              "default": true
            }
          ],
          "store_path": "/nix/store/5hcilllwcgp9f9xjdgdf446xbkn1b5qc-playwright-mcp-0.0.34"
        },
        "x86_64-linux": {
          "outputs": [
            {
              "name": "out",
              "path": "/nix/store/mpqh924n4gh7iprhq2r7sb616qqh4if6-playwright-mcp-0.0.34",
              "default": true
            }
          ],
          "store_path": "/nix/store/mpqh924n4gh7iprhq2r7sb616qqh4if6-playwright-mcp-0.0.34"
        }
      }
    },
    "ripgrep@latest": {
      "last_modified": "2025-11-23T21:50:36Z",
      "resolved": "github:NixOS/nixpkgs/ee09932cedcef15aaf476f9343d1dea2cb77e261#ripgrep",
      "source": "devbox-search",
      "version": "15.1.0",
      "systems": {
        "aarch64-darwin": {
          "outputs": [
            {
              "name": "out",
              "path": "/nix/store/mhv88knw2x5qdnzl7p06wxa9bxrkgghv-ripgrep-15.1.0",
              "default": true
            }
          ],
          "store_path": "/nix/store/mhv88knw2x5qdnzl7p06wxa9bxrkgghv-ripgrep-15.1.0"
        },
        "aarch64-linux": {
          "outputs": [
            {
              "name": "out",
              "path": "/nix/store/qz4k80cgcrz0qhac0jnb19nsjgy21ind-ripgrep-15.1.0",
              "default": true
            }
          ],
          "store_path": "/nix/store/qz4k80cgcrz0qhac0jnb19nsjgy21ind-ripgrep-15.1.0"
        },
        "x86_64-darwin": {
          "outputs": [
            {
              "name": "out",
              "path": "/nix/store/78yl72h892mdxdplmnii400xm5v9ypx4-ripgrep-15.1.0",
              "default": true
            }
          ],
          "store_path": "/nix/store/78yl72h892mdxdplmnii400xm5v9ypx4-ripgrep-15.1.0"
        },
        "x86_64-linux": {
          "outputs": [
            {
              "name": "out",
              "path": "/nix/store/2fngznir58zqpvg2wl7iy5amlsbzhf9p-ripgrep-15.1.0",
              "default": true
            }
          ],
          "store_path": "/nix/store/2fngznir58zqpvg2wl7iy5amlsbzhf9p-ripgrep-15.1.0"
        }
      }
    },
    "tmux@latest": {
      "last_modified": "2025-11-26T14:39:26Z",
      "resolved": "github:NixOS/nixpkgs/5c46f3bd98147c8d82366df95bbef2cab3a967ea#tmux",
      "source": "devbox-search",
      "version": "3.6",
      "systems": {
        "aarch64-darwin": {
          "outputs": [
            {
              "name": "out",
              "path": "/nix/store/8cc44893xix9xknp1phzi5jg8g0pghii-tmux-3.6",
              "default": true
            },
            {
              "name": "man",
              "path": "/nix/store/08iih7zrw7yybahxla1f3vf1qhygiwzb-tmux-3.6-man",
              "default": true
            }
          ],
          "store_path": "/nix/store/8cc44893xix9xknp1phzi5jg8g0pghii-tmux-3.6"
        },
        "aarch64-linux": {
          "outputs": [
            {
              "name": "out",
              "path": "/nix/store/nipnplpp8s2kxrym46ziwm286ac9smxk-tmux-3.6",
              "default": true
            },
            {
              "name": "man",
              "path": "/nix/store/h0mw9jvd11ykb63rxvjwg03yxpmwcrsk-tmux-3.6-man",
              "default": true
            }
          ],
          "store_path": "/nix/store/nipnplpp8s2kxrym46ziwm286ac9smxk-tmux-3.6"
        },
        "x86_64-darwin": {
          "outputs": [
            {
              "name": "out",
              "path": "/nix/store/r9as91zw6j6ly5wy67w7ksy56y4fa6m0-tmux-3.6",
              "default": true
            },
            {
              "name": "man",
              "path": "/nix/store/x91dqpy96jnjv7prrg1x65lzhlp8h7px-tmux-3.6-man",
              "default": true
            }
          ],
          "store_path": "/nix/store/r9as91zw6j6ly5wy67w7ksy56y4fa6m0-tmux-3.6"
        },
        "x86_64-linux": {
          "outputs": [
            {
              "name": "out",
              "path": "/nix/store/aaryy6aga27r973s97ckbmalbc1ha4hl-tmux-3.6",
              "default": true
            },
            {
              "name": "man",
              "path": "/nix/store/vkz0jwnx7cg2gc48w3nijs1d3sydz9l5-tmux-3.6-man",
              "default": true
            }
          ],
          "store_path": "/nix/store/aaryy6aga27r973s97ckbmalbc1ha4hl-tmux-3.6"
        }
      }
    },
    "tree@latest": {
      "last_modified": "2025-11-23T21:50:36Z",
      "resolved": "github:NixOS/nixpkgs/ee09932cedcef15aaf476f9343d1dea2cb77e261#tree",
      "source": "devbox-search",
      "version": "2.2.1",
      "systems": {
        "aarch64-darwin": {
          "outputs": [
            {
              "name": "out",
              "path": "/nix/store/q7v5zc76aix8k3qpcnssx6jjq6fzbcy1-tree-2.2.1",
              "default": true
            }
          ],
          "store_path": "/nix/store/q7v5zc76aix8k3qpcnssx6jjq6fzbcy1-tree-2.2.1"
        },
        "aarch64-linux": {
          "outputs": [
            {
              "name": "out",
              "path": "/nix/store/hcq8jr9wvzffkm160qx1acpp0v7vbnlv-tree-2.2.1",
              "default": true
            }
          ],
          "store_path": "/nix/store/hcq8jr9wvzffkm160qx1acpp0v7vbnlv-tree-2.2.1"
        },
        "x86_64-darwin": {
          "outputs": [
            {
              "name": "out",
              "path": "/nix/store/l0rnm69r5qr5jy8h72j4bqd4snl5605k-tree-2.2.1",
              "default": true
            }
          ],
          "store_path": "/nix/store/l0rnm69r5qr5jy8h72j4bqd4snl5605k-tree-2.2.1"
        },
        "x86_64-linux": {
          "outputs": [
            {
              "name": "out",
              "path": "/nix/store/4pb61ac0y2gkncak5ik1xdvzf6yx6cba-tree-2.2.1",
              "default": true
            }
          ],
          "store_path": "/nix/store/4pb61ac0y2gkncak5ik1xdvzf6yx6cba-tree-2.2.1"
        }
      }
    },
    "uv@latest": {
      "last_modified": "2025-12-03T03:51:48Z",
      "resolved": "github:NixOS/nixpkgs/cadcc8de247676e4751c9d4a935acb2c0b059113#uv",
      "source": "devbox-search",
      "version": "0.9.14",
      "systems": {
        "aarch64-darwin": {
          "outputs": [
            {
              "name": "out",
              "path": "/nix/store/zbg4ksfcdcmqbw8x0f0xlla16g2lhxgy-uv-0.9.14",
              "default": true
            }
          ],
          "store_path": "/nix/store/zbg4ksfcdcmqbw8x0f0xlla16g2lhxgy-uv-0.9.14"
        },
        "aarch64-linux": {
          "outputs": [
            {
              "name": "out",
              "path": "/nix/store/2k74mawzpjihb1jpyxlmbhaz7wflbhyb-uv-0.9.14",
              "default": true
            }
          ],
          "store_path": "/nix/store/2k74mawzpjihb1jpyxlmbhaz7wflbhyb-uv-0.9.14"
        },
        "x86_64-darwin": {
          "outputs": [
            {
              "name": "out",
              "path": "/nix/store/msq3vg45z01w0bl7q0k57yyczjh10hv8-uv-0.9.14",
              "default": true
            }
          ],
          "store_path": "/nix/store/msq3vg45z01w0bl7q0k57yyczjh10hv8-uv-0.9.14"
        },
        "x86_64-linux": {
          "outputs": [
            {
              "name": "out",
              "path": "/nix/store/483pf97g9l0l3rh0988ghffcppm4001a-uv-0.9.14",
              "default": true
            }
          ],
          "store_path": "/nix/store/483pf97g9l0l3rh0988ghffcppm4001a-uv-0.9.14"
        }
      }
    }
  }
}
