{
  "lockfile_version": "1",
  "packages": {
    "direnv@latest": {
      "last_modified": "2024-12-23T21:10:33Z",
      "resolved": "github:NixOS/nixpkgs/de1864217bfa9b5845f465e771e0ecb48b30e02d#direnv",
      "source": "devbox-search",
      "version": "2.35.0",
      "systems": {
        "aarch64-darwin": {
          "outputs": [
            {
              "name": "out",
              "path": "/nix/store/xp28bzq6qi11db7pqgfx3rc139q45489-direnv-2.35.0",
              "default": true
            }
          ],
          "store_path": "/nix/store/xp28bzq6qi11db7pqgfx3rc139q45489-direnv-2.35.0"
        },
        "aarch64-linux": {
          "outputs": [
            {
              "name": "out",
              "path": "/nix/store/55vva1q4lhw2m62vvzzm2z26wfkpb430-direnv-2.35.0",
              "default": true
            }
          ],
          "store_path": "/nix/store/55vva1q4lhw2m62vvzzm2z26wfkpb430-direnv-2.35.0"
        },
        "x86_64-darwin": {
          "outputs": [
            {
              "name": "out",
              "path": "/nix/store/gza242ir81wafi79cfxk619n36rxqqmk-direnv-2.35.0",
              "default": true
            }
          ],
          "store_path": "/nix/store/gza242ir81wafi79cfxk619n36rxqqmk-direnv-2.35.0"
        },
        "x86_64-linux": {
          "outputs": [
            {
              "name": "out",
              "path": "/nix/store/jw2ax71m8dzgs8xybginlsyw79ndyww1-direnv-2.35.0",
              "default": true
            }
          ],
          "store_path": "/nix/store/jw2ax71m8dzgs8xybginlsyw79ndyww1-direnv-2.35.0"
        }
      }
    },
    "elmPackages.elm-language-server@latest": {
      "last_modified": "2024-12-23T21:10:33Z",
      "resolved": "github:NixOS/nixpkgs/de1864217bfa9b5845f465e771e0ecb48b30e02d#elmPackages.elm-language-server",
      "source": "devbox-search",
      "version": "2.8.0",
      "systems": {
        "aarch64-darwin": {
          "outputs": [
            {
              "name": "out",
              "path": "/nix/store/8a62dfywr2vlsdab2k883bpgvinrsmlm-_at_elm-tooling_slash_elm-language-server-2.8.0",
              "default": true
            }
          ],
          "store_path": "/nix/store/8a62dfywr2vlsdab2k883bpgvinrsmlm-_at_elm-tooling_slash_elm-language-server-2.8.0"
        },
        "aarch64-linux": {
          "outputs": [
            {
              "name": "out",
              "path": "/nix/store/q6qj3ihq0nk0hr2g057j6068i77ksypq-_at_elm-tooling_slash_elm-language-server-2.8.0",
              "default": true
            }
          ],
          "store_path": "/nix/store/q6qj3ihq0nk0hr2g057j6068i77ksypq-_at_elm-tooling_slash_elm-language-server-2.8.0"
        },
        "x86_64-darwin": {
          "outputs": [
            {
              "name": "out",
              "path": "/nix/store/lavriqagmbgyx3by6g1a2ia48cilsa74-_at_elm-tooling_slash_elm-language-server-2.8.0",
              "default": true
            }
          ],
          "store_path": "/nix/store/lavriqagmbgyx3by6g1a2ia48cilsa74-_at_elm-tooling_slash_elm-language-server-2.8.0"
        },
        "x86_64-linux": {
          "outputs": [
            {
              "name": "out",
              "path": "/nix/store/zh99gk18mx762hk7is98kv9bi43w97aq-_at_elm-tooling_slash_elm-language-server-2.8.0",
              "default": true
            }
          ],
          "store_path": "/nix/store/zh99gk18mx762hk7is98kv9bi43w97aq-_at_elm-tooling_slash_elm-language-server-2.8.0"
        }
      }
    },
    "ffmpeg@latest": {
      "last_modified": "2025-01-06T03:40:18Z",
      "resolved": "github:NixOS/nixpkgs/3df3c47c19dc90fec35359e89ffb52b34d2b0e94#ffmpeg",
      "source": "devbox-search",
      "version": "7.1",
      "systems": {
        "aarch64-darwin": {
          "outputs": [
            {
              "name": "bin",
              "path": "/nix/store/m48ypyjnl04mqigi6fbxa7k2c5bsvazz-ffmpeg-7.1-bin",
              "default": true
            },
            {
              "name": "man",
              "path": "/nix/store/10ncvfz8srnzckq16bn14wffcx8j04ki-ffmpeg-7.1-man",
              "default": true
            },
            {
              "name": "data",
              "path": "/nix/store/rqbsc9zyzi988hwcd423qdh1vh40zlzc-ffmpeg-7.1-data"
            },
            {
              "name": "dev",
              "path": "/nix/store/6ml3pn92nbmnc40s5jfpr84y65ysizk3-ffmpeg-7.1-dev"
            },
            {
              "name": "doc",
              "path": "/nix/store/ni6gri7m1pavfjxx0yfj1msvb0cfasgg-ffmpeg-7.1-doc"
            },
            {
              "name": "lib",
              "path": "/nix/store/2v2rr9dmq4grzwmg4zcsxrmbdcshks7m-ffmpeg-7.1-lib"
            },
            {
              "name": "out",
              "path": "/nix/store/nvccyp4dra8f92ywd00lk3ra121gj162-ffmpeg-7.1"
            }
          ],
          "store_path": "/nix/store/m48ypyjnl04mqigi6fbxa7k2c5bsvazz-ffmpeg-7.1-bin"
        },
        "aarch64-linux": {
          "outputs": [
            {
              "name": "bin",
              "path": "/nix/store/lj99z3ldzka2slgm94w2yl8cjkphn4m3-ffmpeg-7.1-bin",
              "default": true
            },
            {
              "name": "man",
              "path": "/nix/store/gisda8d2pifrrjw0yirrs0x2cyn6b96i-ffmpeg-7.1-man",
              "default": true
            },
            {
              "name": "out",
              "path": "/nix/store/pc332zx12j2fqf5m9mdhhs1rwksbk2fk-ffmpeg-7.1"
            },
            {
              "name": "data",
              "path": "/nix/store/4yhsn6lrfn91dk1kq9wyyd71p4hcfans-ffmpeg-7.1-data"
            },
            {
              "name": "dev",
              "path": "/nix/store/71103mmkxhzzmbj9mpzsrzbp988z3p98-ffmpeg-7.1-dev"
            },
            {
              "name": "doc",
              "path": "/nix/store/k9cc4d60frcn27zapkzhag5h9r0ig5xa-ffmpeg-7.1-doc"
            },
            {
              "name": "lib",
              "path": "/nix/store/dgcmpc8az51a4d2bxgrmfz8zlmvqxwa5-ffmpeg-7.1-lib"
            }
          ],
          "store_path": "/nix/store/lj99z3ldzka2slgm94w2yl8cjkphn4m3-ffmpeg-7.1-bin"
        },
        "x86_64-darwin": {
          "outputs": [
            {
              "name": "bin",
              "path": "/nix/store/z44kr817zx99vi2cc204i06cnmz83f1n-ffmpeg-7.1-bin",
              "default": true
            },
            {
              "name": "man",
              "path": "/nix/store/slrha22nqrx2xw009hd37svv2nvpp26i-ffmpeg-7.1-man",
              "default": true
            },
            {
              "name": "data",
              "path": "/nix/store/n3xm2rr1k1ari7ysbp9jhg65pih28x6x-ffmpeg-7.1-data"
            },
            {
              "name": "dev",
              "path": "/nix/store/59gcv4rfg38rqnazv1iq9jssjak2l3ih-ffmpeg-7.1-dev"
            },
            {
              "name": "doc",
              "path": "/nix/store/2cqa3lc75ciqzgmxjm36fd733f3gjgil-ffmpeg-7.1-doc"
            },
            {
              "name": "lib",
              "path": "/nix/store/ir47x8skj54wilcyz2x59am4y085lf6l-ffmpeg-7.1-lib"
            },
            {
              "name": "out",
              "path": "/nix/store/gqw958wdgrbfsxczqf56vnq1iffg5qv1-ffmpeg-7.1"
            }
          ],
          "store_path": "/nix/store/z44kr817zx99vi2cc204i06cnmz83f1n-ffmpeg-7.1-bin"
        },
        "x86_64-linux": {
          "outputs": [
            {
              "name": "bin",
              "path": "/nix/store/d1lv3x7iq129vb19ba9ph6k0yhy4fv34-ffmpeg-7.1-bin",
              "default": true
            },
            {
              "name": "man",
              "path": "/nix/store/qqgvvfw2gqp47zl5v9jhdsl8mb77l909-ffmpeg-7.1-man",
              "default": true
            },
            {
              "name": "doc",
              "path": "/nix/store/gmfj9af6za9i2830cgbj1qazz2nir2vs-ffmpeg-7.1-doc"
            },
            {
              "name": "lib",
              "path": "/nix/store/x8j2nr5qmikfaggl34wpm1dlldb7ik06-ffmpeg-7.1-lib"
            },
            {
              "name": "out",
              "path": "/nix/store/cx89mypnxgk0q4dibacg7dsrb4w66mv9-ffmpeg-7.1"
            },
            {
              "name": "data",
              "path": "/nix/store/5y8zk8fqpaammsnz2svgpdsayn4zlsn2-ffmpeg-7.1-data"
            },
            {
              "name": "dev",
              "path": "/nix/store/qdz8aidi7rksr4g5cpxgz9iivrlsa247-ffmpeg-7.1-dev"
            }
          ],
          "store_path": "/nix/store/d1lv3x7iq129vb19ba9ph6k0yhy4fv34-ffmpeg-7.1-bin"
        }
      }
    },
    "fish@latest": {
      "last_modified": "2024-12-23T21:10:33Z",
      "resolved": "github:NixOS/nixpkgs/de1864217bfa9b5845f465e771e0ecb48b30e02d#fish",
      "source": "devbox-search",
      "version": "3.7.1",
      "systems": {
        "aarch64-darwin": {
          "outputs": [
            {
              "name": "out",
              "path": "/nix/store/0r9d9fxp15qg8vi00zhnc3hz5y2flych-fish-3.7.1",
              "default": true
            },
            {
              "name": "doc",
              "path": "/nix/store/871kn88gcnzlnwlmkb1ph47acg3wxmd8-fish-3.7.1-doc"
            }
          ],
          "store_path": "/nix/store/0r9d9fxp15qg8vi00zhnc3hz5y2flych-fish-3.7.1"
        },
        "aarch64-linux": {
          "outputs": [
            {
              "name": "out",
              "path": "/nix/store/vndgmrym4k5mfskc5kmbv2r4s90hsb19-fish-3.7.1",
              "default": true
            },
            {
              "name": "doc",
              "path": "/nix/store/grw05zv6rm4ndk7adfa18v89v441f720-fish-3.7.1-doc"
            }
          ],
          "store_path": "/nix/store/vndgmrym4k5mfskc5kmbv2r4s90hsb19-fish-3.7.1"
        },
        "x86_64-darwin": {
          "outputs": [
            {
              "name": "out",
              "path": "/nix/store/q3p4lmq84i4bs5zn1rir4g3l2n41p4bk-fish-3.7.1",
              "default": true
            },
            {
              "name": "doc",
              "path": "/nix/store/v0nyrl8qipw2f6l5mqddrwm90hqb9ygn-fish-3.7.1-doc"
            }
          ],
          "store_path": "/nix/store/q3p4lmq84i4bs5zn1rir4g3l2n41p4bk-fish-3.7.1"
        },
        "x86_64-linux": {
          "outputs": [
            {
              "name": "out",
              "path": "/nix/store/hgpny1fdshhc1y3nnsjxdaiwm96frb51-fish-3.7.1",
              "default": true
            },
            {
              "name": "doc",
              "path": "/nix/store/awkyc98d93hzws3a3mwbsynyb5zxg16g-fish-3.7.1-doc"
            }
          ],
          "store_path": "/nix/store/hgpny1fdshhc1y3nnsjxdaiwm96frb51-fish-3.7.1"
        }
      }
    },
    "fzf@latest": {
      "last_modified": "2024-12-23T21:10:33Z",
      "resolved": "github:NixOS/nixpkgs/de1864217bfa9b5845f465e771e0ecb48b30e02d#fzf",
      "source": "devbox-search",
      "version": "0.57.0",
      "systems": {
        "aarch64-darwin": {
          "outputs": [
            {
              "name": "out",
              "path": "/nix/store/8iaarhsqpdvg0ndwdvjcx6rp8fnw2fzk-fzf-0.57.0",
              "default": true
            },
            {
              "name": "man",
              "path": "/nix/store/gszq21lhpz1iy57paszhzna44ig3z6d1-fzf-0.57.0-man",
              "default": true
            }
          ],
          "store_path": "/nix/store/8iaarhsqpdvg0ndwdvjcx6rp8fnw2fzk-fzf-0.57.0"
        },
        "aarch64-linux": {
          "outputs": [
            {
              "name": "out",
              "path": "/nix/store/4m0q1zccd891q3phq23dg1b4dfnyqw6r-fzf-0.57.0",
              "default": true
            },
            {
              "name": "man",
              "path": "/nix/store/pzvqwg3xsk0llfmwp49mv0q1yj0506i0-fzf-0.57.0-man",
              "default": true
            }
          ],
          "store_path": "/nix/store/4m0q1zccd891q3phq23dg1b4dfnyqw6r-fzf-0.57.0"
        },
        "x86_64-darwin": {
          "outputs": [
            {
              "name": "out",
              "path": "/nix/store/dgkgwwdwilbg1bfqw1hdym0v206pdxwd-fzf-0.57.0",
              "default": true
            },
            {
              "name": "man",
              "path": "/nix/store/chwh9bxf1miy4gbym0f2pasnpg6n26pb-fzf-0.57.0-man",
              "default": true
            }
          ],
          "store_path": "/nix/store/dgkgwwdwilbg1bfqw1hdym0v206pdxwd-fzf-0.57.0"
        },
        "x86_64-linux": {
          "outputs": [
            {
              "name": "out",
              "path": "/nix/store/qb76l3bdjlld3xdvr2clbqwsi8l1rh5j-fzf-0.57.0",
              "default": true
            },
            {
              "name": "man",
              "path": "/nix/store/709q83k1ma94r5qwiwm330sm67fh3bgs-fzf-0.57.0-man",
              "default": true
            }
          ],
          "store_path": "/nix/store/qb76l3bdjlld3xdvr2clbqwsi8l1rh5j-fzf-0.57.0"
        }
      }
    },
    "jq@latest": {
      "last_modified": "2025-01-07T09:15:50Z",
      "resolved": "github:NixOS/nixpkgs/8c9fd3e564728e90829ee7dbac6edc972971cd0f#jq",
      "source": "devbox-search",
      "version": "1.7.1",
      "systems": {
        "aarch64-darwin": {
          "outputs": [
            {
              "name": "bin",
              "path": "/nix/store/x07x6ixbqrh7javaz84sh7lxy5zjwc66-jq-1.7.1-bin",
              "default": true
            },
            {
              "name": "man",
              "path": "/nix/store/fik16kqw21fpfknda8xpmqi94brmdy5m-jq-1.7.1-man",
              "default": true
            },
            {
              "name": "doc",
              "path": "/nix/store/viyl0y7dbapp79ibwliqfljxr13n89b9-jq-1.7.1-doc"
            },
            {
              "name": "out",
              "path": "/nix/store/kkymhin05qdfplfnv5k50x0fb9qbvrbl-jq-1.7.1"
            },
            {
              "name": "dev",
              "path": "/nix/store/lhqbi2g0dpiv87341gzzd3vlkcs817yq-jq-1.7.1-dev"
            }
          ],
          "store_path": "/nix/store/x07x6ixbqrh7javaz84sh7lxy5zjwc66-jq-1.7.1-bin"
        },
        "aarch64-linux": {
          "outputs": [
            {
              "name": "bin",
              "path": "/nix/store/bs198wj6yi71yzbiykizj5y79ll1y5a5-jq-1.7.1-bin",
              "default": true
            },
            {
              "name": "man",
              "path": "/nix/store/0brmnz2q55dkzqbnld9s2l53hzyi82yg-jq-1.7.1-man",
              "default": true
            },
            {
              "name": "dev",
              "path": "/nix/store/ibh2q48q1xn2bfyvjm6kr3wkphi3rb9r-jq-1.7.1-dev"
            },
            {
              "name": "doc",
              "path": "/nix/store/wjjkav2gqfj67wzzkfw9gmp878dxpy0r-jq-1.7.1-doc"
            },
            {
              "name": "out",
              "path": "/nix/store/cpxcnasas8nnwib686pbhzrkz1cnq0p6-jq-1.7.1"
            }
          ],
          "store_path": "/nix/store/bs198wj6yi71yzbiykizj5y79ll1y5a5-jq-1.7.1-bin"
        },
        "x86_64-darwin": {
          "outputs": [
            {
              "name": "bin",
              "path": "/nix/store/ingdf4pkbkm85bfl0j95j834lvhllp3a-jq-1.7.1-bin",
              "default": true
            },
            {
              "name": "man",
              "path": "/nix/store/w6aijc6k90s04jx5a7pk8j1gmacyllqc-jq-1.7.1-man",
              "default": true
            },
            {
              "name": "dev",
              "path": "/nix/store/zvwl6lq9xq1sk9vapx51vajz00c80087-jq-1.7.1-dev"
            },
            {
              "name": "doc",
              "path": "/nix/store/22qfscingx32vgap2kg9gcrgcrvv6ykn-jq-1.7.1-doc"
            },
            {
              "name": "out",
              "path": "/nix/store/0g44qcyxjr944pn560l3mr884akh7il4-jq-1.7.1"
            }
          ],
          "store_path": "/nix/store/ingdf4pkbkm85bfl0j95j834lvhllp3a-jq-1.7.1-bin"
        },
        "x86_64-linux": {
          "outputs": [
            {
              "name": "bin",
              "path": "/nix/store/c79nkzxaiki5r7igd4a5lawwdds38f2l-jq-1.7.1-bin",
              "default": true
            },
            {
              "name": "man",
              "path": "/nix/store/bj4b7al7f1x6lvsk1p5gza26ya5is8zn-jq-1.7.1-man",
              "default": true
            },
            {
              "name": "out",
              "path": "/nix/store/s8vyrf9xh2yh66ilivw3gi8hzxv7d44c-jq-1.7.1"
            },
            {
              "name": "dev",
              "path": "/nix/store/4nrxcmjis6bahcr6gphczjfhz12f2vnd-jq-1.7.1-dev"
            },
            {
              "name": "doc",
              "path": "/nix/store/kbp9hjh0zcqdc04kiya3wazs50g3mhnp-jq-1.7.1-doc"
            }
          ],
          "store_path": "/nix/store/c79nkzxaiki5r7igd4a5lawwdds38f2l-jq-1.7.1-bin"
        }
      }
    },
    "mercurial@latest": {
      "last_modified": "2024-12-23T21:10:33Z",
      "resolved": "github:NixOS/nixpkgs/de1864217bfa9b5845f465e771e0ecb48b30e02d#mercurial",
      "source": "devbox-search",
      "version": "6.8.2",
      "systems": {
        "aarch64-darwin": {
          "outputs": [
            {
              "name": "out",
              "path": "/nix/store/7lqm0qhd8hj3jjx97497d4fyp191xhg5-mercurial-6.8.2",
              "default": true
            }
          ],
          "store_path": "/nix/store/7lqm0qhd8hj3jjx97497d4fyp191xhg5-mercurial-6.8.2"
        },
        "aarch64-linux": {
          "outputs": [
            {
              "name": "out",
              "path": "/nix/store/h2sl7kbhblrnrby2h9cwijr0d261pajh-mercurial-6.8.2",
              "default": true
            }
          ],
          "store_path": "/nix/store/h2sl7kbhblrnrby2h9cwijr0d261pajh-mercurial-6.8.2"
        },
        "x86_64-darwin": {
          "outputs": [
            {
              "name": "out",
              "path": "/nix/store/sp1vv1apznxqxl5mj8c15sq6ja94ad3b-mercurial-6.8.2",
              "default": true
            }
          ],
          "store_path": "/nix/store/sp1vv1apznxqxl5mj8c15sq6ja94ad3b-mercurial-6.8.2"
        },
        "x86_64-linux": {
          "outputs": [
            {
              "name": "out",
              "path": "/nix/store/hd7h84czzi799y211pxgs7hwzhxrys58-mercurial-6.8.2",
              "default": true
            }
          ],
          "store_path": "/nix/store/hd7h84czzi799y211pxgs7hwzhxrys58-mercurial-6.8.2"
        }
      }
    },
    "nix-direnv@latest": {
      "last_modified": "2024-12-23T21:10:33Z",
      "resolved": "github:NixOS/nixpkgs/de1864217bfa9b5845f465e771e0ecb48b30e02d#nix-direnv",
      "source": "devbox-search",
      "version": "3.0.6",
      "systems": {
        "aarch64-darwin": {
          "outputs": [
            {
              "name": "out",
              "path": "/nix/store/l7vl9pgi50z7azs5f5k3is8l3yzggx3w-nix-direnv-3.0.6",
              "default": true
            }
          ],
          "store_path": "/nix/store/l7vl9pgi50z7azs5f5k3is8l3yzggx3w-nix-direnv-3.0.6"
        },
        "aarch64-linux": {
          "outputs": [
            {
              "name": "out",
              "path": "/nix/store/s5kf4gs6kzvw0ni1wc3w2zyc0bm7w286-nix-direnv-3.0.6",
              "default": true
            }
          ],
          "store_path": "/nix/store/s5kf4gs6kzvw0ni1wc3w2zyc0bm7w286-nix-direnv-3.0.6"
        },
        "x86_64-darwin": {
          "outputs": [
            {
              "name": "out",
              "path": "/nix/store/7iqih7mky77cd80my3dm3bclbh1c2dmz-nix-direnv-3.0.6",
              "default": true
            }
          ],
          "store_path": "/nix/store/7iqih7mky77cd80my3dm3bclbh1c2dmz-nix-direnv-3.0.6"
        },
        "x86_64-linux": {
          "outputs": [
            {
              "name": "out",
              "path": "/nix/store/jg6ibpbqmbsspxz9k2iqpx0hd9mvx89p-nix-direnv-3.0.6",
              "default": true
            }
          ],
          "store_path": "/nix/store/jg6ibpbqmbsspxz9k2iqpx0hd9mvx89p-nix-direnv-3.0.6"
        }
      }
    },
    "nodejs@latest": {
      "last_modified": "2024-12-23T21:10:33Z",
      "plugin_version": "0.0.2",
      "resolved": "github:NixOS/nixpkgs/de1864217bfa9b5845f465e771e0ecb48b30e02d#nodejs_23",
      "source": "devbox-search",
      "version": "23.2.0",
      "systems": {
        "aarch64-darwin": {
          "outputs": [
            {
              "name": "out",
              "path": "/nix/store/h01fs5dy2aykhxfd2nvq2qzn5v88bmj2-nodejs-23.2.0",
              "default": true
            },
            {
              "name": "libv8",
              "path": "/nix/store/rpafhg74x82viy5d5ri5llikkd0nv0jy-nodejs-23.2.0-libv8"
            }
          ],
          "store_path": "/nix/store/h01fs5dy2aykhxfd2nvq2qzn5v88bmj2-nodejs-23.2.0"
        },
        "aarch64-linux": {
          "outputs": [
            {
              "name": "out",
              "path": "/nix/store/24jjyqsk2bf45a9vc6p24l55v058n0fb-nodejs-23.2.0",
              "default": true
            },
            {
              "name": "libv8",
              "path": "/nix/store/lifan3dprdmnkhs6fk537zhs92baqm9x-nodejs-23.2.0-libv8"
            }
          ],
          "store_path": "/nix/store/24jjyqsk2bf45a9vc6p24l55v058n0fb-nodejs-23.2.0"
        },
        "x86_64-darwin": {
          "outputs": [
            {
              "name": "out",
              "path": "/nix/store/5ckvci4i16whdx5n1vxj14as01kwp1iz-nodejs-23.2.0",
              "default": true
            },
            {
              "name": "libv8",
              "path": "/nix/store/13sfp639j9d69n1rjc0a9z3y7xxfwm23-nodejs-23.2.0-libv8"
            }
          ],
          "store_path": "/nix/store/5ckvci4i16whdx5n1vxj14as01kwp1iz-nodejs-23.2.0"
        },
        "x86_64-linux": {
          "outputs": [
            {
              "name": "out",
              "path": "/nix/store/cgkpjpl1hspg30dlmv4hhvlhbvik1bn1-nodejs-23.2.0",
              "default": true
            },
            {
              "name": "libv8",
              "path": "/nix/store/3mma5xpnfggra9as4l9ibvihx70qm7wc-nodejs-23.2.0-libv8"
            }
          ],
          "store_path": "/nix/store/cgkpjpl1hspg30dlmv4hhvlhbvik1bn1-nodejs-23.2.0"
        }
      }
    },
    "openssl@latest": {
      "last_modified": "2025-01-07T09:15:50Z",
      "resolved": "github:NixOS/nixpkgs/8c9fd3e564728e90829ee7dbac6edc972971cd0f#openssl",
      "source": "devbox-search",
      "version": "3.3.2",
      "systems": {
        "aarch64-darwin": {
          "outputs": [
            {
              "name": "bin",
              "path": "/nix/store/75mxp65iyv0447b2izfh342rrd62nbca-openssl-3.3.2-bin",
              "default": true
            },
            {
              "name": "man",
              "path": "/nix/store/m775fphih8alfgw2zxim7306311ckq4n-openssl-3.3.2-man",
              "default": true
            },
            {
              "name": "dev",
              "path": "/nix/store/l2nvwi0k7nk9azm42yr6zkf2b2bmf0y7-openssl-3.3.2-dev"
            },
            {
              "name": "doc",
              "path": "/nix/store/v184cqr099z5p1w33p75lgps7qq0bs27-openssl-3.3.2-doc"
            },
            {
              "name": "out",
              "path": "/nix/store/8ms7abrwg2nbqdjdcdf1aig4y7yha4v7-openssl-3.3.2"
            }
          ],
          "store_path": "/nix/store/75mxp65iyv0447b2izfh342rrd62nbca-openssl-3.3.2-bin"
        },
        "aarch64-linux": {
          "outputs": [
            {
              "name": "bin",
              "path": "/nix/store/5i99cr9czj8l075g6v4k045xf5ny344q-openssl-3.3.2-bin",
              "default": true
            },
            {
              "name": "man",
              "path": "/nix/store/pb4pwzg2z2sp6y5f7pc94qqc3mzl503k-openssl-3.3.2-man",
              "default": true
            },
            {
              "name": "debug",
              "path": "/nix/store/m4qnsg22n7xmp9h2hkfhn098ca1rywkc-openssl-3.3.2-debug"
            },
            {
              "name": "dev",
              "path": "/nix/store/bdn0vcwlv6zslkzgaa6v3shjy7d0k3kk-openssl-3.3.2-dev"
            },
            {
              "name": "doc",
              "path": "/nix/store/jq5m5p5b3pww9wai6ax6asm2j9dvgybd-openssl-3.3.2-doc"
            },
            {
              "name": "out",
              "path": "/nix/store/pj9m4jn66yd0jxpi93fl5cr6spk7lvjp-openssl-3.3.2"
            }
          ],
          "store_path": "/nix/store/5i99cr9czj8l075g6v4k045xf5ny344q-openssl-3.3.2-bin"
        },
        "x86_64-darwin": {
          "outputs": [
            {
              "name": "bin",
              "path": "/nix/store/idrz0vysby9agk3aydldr66jg0a07pvb-openssl-3.3.2-bin",
              "default": true
            },
            {
              "name": "man",
              "path": "/nix/store/pw5a1d3axcbz35x1db16vdn20bn98g9c-openssl-3.3.2-man",
              "default": true
            },
            {
              "name": "dev",
              "path": "/nix/store/al9kbf9c8j3wc15bnvh7z16vdid0yq9j-openssl-3.3.2-dev"
            },
            {
              "name": "doc",
              "path": "/nix/store/af8vskzmfjkn5d5iv9y88agr5akwyi59-openssl-3.3.2-doc"
            },
            {
              "name": "out",
              "path": "/nix/store/zkhcxd99z6y70shwqz53dc8yx4xia7dn-openssl-3.3.2"
            }
          ],
          "store_path": "/nix/store/idrz0vysby9agk3aydldr66jg0a07pvb-openssl-3.3.2-bin"
        },
        "x86_64-linux": {
          "outputs": [
            {
              "name": "bin",
              "path": "/nix/store/lygl27c44xv73kx1spskcgvzwq7z337c-openssl-3.3.2-bin",
              "default": true
            },
            {
              "name": "man",
              "path": "/nix/store/q10wlq1brcnc21v5qvhbj9fwlf806dgm-openssl-3.3.2-man",
              "default": true
            },
            {
              "name": "debug",
              "path": "/nix/store/w3cz20hbjrh998895f35x8b9svy264xn-openssl-3.3.2-debug"
            },
            {
              "name": "dev",
              "path": "/nix/store/pp2zf8bdgyz60ds8vcshk2603gcjgp72-openssl-3.3.2-dev"
            },
            {
              "name": "doc",
              "path": "/nix/store/ca0yhj0j7ngamdsrjlv38lhw8mai38w3-openssl-3.3.2-doc"
            },
            {
              "name": "out",
              "path": "/nix/store/h1ydpxkw9qhjdxjpic1pdc2nirggyy6f-openssl-3.3.2"
            }
          ],
          "store_path": "/nix/store/lygl27c44xv73kx1spskcgvzwq7z337c-openssl-3.3.2-bin"
        }
      }
    },
    "pandoc@latest": {
      "last_modified": "2024-12-23T21:10:33Z",
      "resolved": "github:NixOS/nixpkgs/de1864217bfa9b5845f465e771e0ecb48b30e02d#pandoc",
      "source": "devbox-search",
      "version": "3.1.11.1",
      "systems": {
        "aarch64-darwin": {
          "outputs": [
            {
              "name": "out",
              "path": "/nix/store/p0rdvm4kh7vzjnd2anrlavv21djrz4n8-pandoc-cli-3.1.11.1",
              "default": true
            }
          ],
          "store_path": "/nix/store/p0rdvm4kh7vzjnd2anrlavv21djrz4n8-pandoc-cli-3.1.11.1"
        },
        "aarch64-linux": {
          "outputs": [
            {
              "name": "out",
              "path": "/nix/store/yva1cg84s5mv4qijnghjaz0djyhn2mi0-pandoc-cli-3.1.11.1",
              "default": true
            }
          ],
          "store_path": "/nix/store/yva1cg84s5mv4qijnghjaz0djyhn2mi0-pandoc-cli-3.1.11.1"
        },
        "x86_64-darwin": {
          "outputs": [
            {
              "name": "out",
              "path": "/nix/store/1g7228zislzzv5kzk7j26js1wj2f6y1p-pandoc-cli-3.1.11.1",
              "default": true
            }
          ],
          "store_path": "/nix/store/1g7228zislzzv5kzk7j26js1wj2f6y1p-pandoc-cli-3.1.11.1"
        },
        "x86_64-linux": {
          "outputs": [
            {
              "name": "out",
              "path": "/nix/store/haam466kpg80dc59blbxlbvm8wx3xyby-pandoc-cli-3.1.11.1",
              "default": true
            }
          ],
          "store_path": "/nix/store/haam466kpg80dc59blbxlbvm8wx3xyby-pandoc-cli-3.1.11.1"
        }
      }
    },
    "ripgrep@latest": {
      "last_modified": "2024-12-23T21:10:33Z",
      "resolved": "github:NixOS/nixpkgs/de1864217bfa9b5845f465e771e0ecb48b30e02d#ripgrep",
      "source": "devbox-search",
      "version": "14.1.1",
      "systems": {
        "aarch64-darwin": {
          "outputs": [
            {
              "name": "out",
              "path": "/nix/store/2g5lgv32xfax7c8h70d3vsk0dihw3aj5-ripgrep-14.1.1",
              "default": true
            }
          ],
          "store_path": "/nix/store/2g5lgv32xfax7c8h70d3vsk0dihw3aj5-ripgrep-14.1.1"
        },
        "aarch64-linux": {
          "outputs": [
            {
              "name": "out",
              "path": "/nix/store/448sgrj1wai6q51mvda6irqcmbjgidly-ripgrep-14.1.1",
              "default": true
            }
          ],
          "store_path": "/nix/store/448sgrj1wai6q51mvda6irqcmbjgidly-ripgrep-14.1.1"
        },
        "x86_64-darwin": {
          "outputs": [
            {
              "name": "out",
              "path": "/nix/store/c5a2niqq7ygm12h9l825dkzcwwvqr66m-ripgrep-14.1.1",
              "default": true
            }
          ],
          "store_path": "/nix/store/c5a2niqq7ygm12h9l825dkzcwwvqr66m-ripgrep-14.1.1"
        },
        "x86_64-linux": {
          "outputs": [
            {
              "name": "out",
              "path": "/nix/store/a9fc2dnhwc0nmv1ync9inan025zs6qn3-ripgrep-14.1.1",
              "default": true
            }
          ],
          "store_path": "/nix/store/a9fc2dnhwc0nmv1ync9inan025zs6qn3-ripgrep-14.1.1"
        }
      }
    },
    "tmux@latest": {
      "last_modified": "2024-09-28T11:58:19Z",
      "resolved": "github:NixOS/nixpkgs/b5b2fecd0cadd82ef107c9583018f381ae70f222#tmux",
      "source": "devbox-search",
      "version": "3.5",
      "systems": {
        "aarch64-darwin": {
          "outputs": [
            {
              "name": "out",
              "path": "/nix/store/hb9rmacsyjn2jbkfl12ax66qj9z86w8l-tmux-3.5",
              "default": true
            },
            {
              "name": "man",
              "path": "/nix/store/fzmxcplr3rqr0vm642fyschn4n43q43p-tmux-3.5-man",
              "default": true
            }
          ],
          "store_path": "/nix/store/hb9rmacsyjn2jbkfl12ax66qj9z86w8l-tmux-3.5"
        },
        "aarch64-linux": {
          "outputs": [
            {
              "name": "out",
              "path": "/nix/store/02sk9lggxfn3l59fk4zcyz5mr2li0zk9-tmux-3.5",
              "default": true
            },
            {
              "name": "man",
              "path": "/nix/store/mhsiwx0famlrp02d0lkiwdjiad5kc0qi-tmux-3.5-man",
              "default": true
            }
          ],
          "store_path": "/nix/store/02sk9lggxfn3l59fk4zcyz5mr2li0zk9-tmux-3.5"
        },
        "x86_64-darwin": {
          "outputs": [
            {
              "name": "out",
              "path": "/nix/store/ssaxd12iqz2mzacm782jpmyhdwydd4ra-tmux-3.5",
              "default": true
            },
            {
              "name": "man",
              "path": "/nix/store/zwsa51g32xdfpk9q2lpvvbrixf6jzhp3-tmux-3.5-man",
              "default": true
            }
          ],
          "store_path": "/nix/store/ssaxd12iqz2mzacm782jpmyhdwydd4ra-tmux-3.5"
        },
        "x86_64-linux": {
          "outputs": [
            {
              "name": "out",
              "path": "/nix/store/ci8crawb4cqjlqsmvbr9q27hpc16pbf9-tmux-3.5",
              "default": true
            },
            {
              "name": "man",
              "path": "/nix/store/ld4q0lkfk2vkh4jj6ql01j0qyb2g8qlj-tmux-3.5-man",
              "default": true
            }
          ],
          "store_path": "/nix/store/ci8crawb4cqjlqsmvbr9q27hpc16pbf9-tmux-3.5"
        }
      }
    },
    "tree@latest": {
      "last_modified": "2024-12-23T21:10:33Z",
      "resolved": "github:NixOS/nixpkgs/de1864217bfa9b5845f465e771e0ecb48b30e02d#tree",
      "source": "devbox-search",
      "version": "2.2.1",
      "systems": {
        "aarch64-darwin": {
          "outputs": [
            {
              "name": "out",
              "path": "/nix/store/qa27h32q596hn631kzjrxjan94zb06vx-tree-2.2.1",
              "default": true
            }
          ],
          "store_path": "/nix/store/qa27h32q596hn631kzjrxjan94zb06vx-tree-2.2.1"
        },
        "aarch64-linux": {
          "outputs": [
            {
              "name": "out",
              "path": "/nix/store/crnawggadqpcl5bcnkqdp5q0kf9kvd10-tree-2.2.1",
              "default": true
            }
          ],
          "store_path": "/nix/store/crnawggadqpcl5bcnkqdp5q0kf9kvd10-tree-2.2.1"
        },
        "x86_64-darwin": {
          "outputs": [
            {
              "name": "out",
              "path": "/nix/store/kr5bzq48q470iavzcjzjpz5apasi588y-tree-2.2.1",
              "default": true
            }
          ],
          "store_path": "/nix/store/kr5bzq48q470iavzcjzjpz5apasi588y-tree-2.2.1"
        },
        "x86_64-linux": {
          "outputs": [
            {
              "name": "out",
              "path": "/nix/store/pwy12s99aabim8srvrrdkr080j4lgy76-tree-2.2.1",
              "default": true
            }
          ],
          "store_path": "/nix/store/pwy12s99aabim8srvrrdkr080j4lgy76-tree-2.2.1"
        }
      }
    }
  }
}
