{
  "lockfile_version": "1",
  "packages": {
    "claude-code@latest": {
      "last_modified": "2025-08-09T12:28:43Z",
      "resolved": "github:NixOS/nixpkgs/f86999f8bfef9ff57f7f03c1c5deedc2784fc666#claude-code",
      "source": "devbox-search",
      "version": "1.0.72",
      "systems": {
        "aarch64-darwin": {
          "outputs": [
            {
              "name": "out",
              "path": "/nix/store/hbcrz6drip9lds3wv31hn4w94xkq3r0h-claude-code-1.0.72",
              "default": true
            }
          ],
          "store_path": "/nix/store/hbcrz6drip9lds3wv31hn4w94xkq3r0h-claude-code-1.0.72"
        },
        "aarch64-linux": {
          "outputs": [
            {
              "name": "out",
              "path": "/nix/store/v4jmh6a82gyrp74i8js3yw2g6bsz25jp-claude-code-1.0.72",
              "default": true
            }
          ],
          "store_path": "/nix/store/v4jmh6a82gyrp74i8js3yw2g6bsz25jp-claude-code-1.0.72"
        },
        "x86_64-darwin": {
          "outputs": [
            {
              "name": "out",
              "path": "/nix/store/cdsqa260ag7aml4a80ikr6r4a8cc85lx-claude-code-1.0.72",
              "default": true
            }
          ],
          "store_path": "/nix/store/cdsqa260ag7aml4a80ikr6r4a8cc85lx-claude-code-1.0.72"
        },
        "x86_64-linux": {
          "outputs": [
            {
              "name": "out",
              "path": "/nix/store/cg2dz65fgxzz5dx8jsxyabi6i8zw9bkc-claude-code-1.0.72",
              "default": true
            }
          ],
          "store_path": "/nix/store/cg2dz65fgxzz5dx8jsxyabi6i8zw9bkc-claude-code-1.0.72"
        }
      }
    },
    "direnv@latest": {
      "last_modified": "2025-07-28T17:09:23Z",
      "resolved": "github:NixOS/nixpkgs/648f70160c03151bc2121d179291337ad6bc564b#direnv",
      "source": "devbox-search",
      "version": "2.37.1",
      "systems": {
        "aarch64-darwin": {
          "outputs": [
            {
              "name": "out",
              "path": "/nix/store/jx3qm446vnaz50kk6pjh4h5chn74ib2c-direnv-2.37.1",
              "default": true
            }
          ],
          "store_path": "/nix/store/jx3qm446vnaz50kk6pjh4h5chn74ib2c-direnv-2.37.1"
        },
        "aarch64-linux": {
          "outputs": [
            {
              "name": "out",
              "path": "/nix/store/bqkp6cxz0lp3033iixxm2kvykvfsqvf8-direnv-2.37.1",
              "default": true
            }
          ],
          "store_path": "/nix/store/bqkp6cxz0lp3033iixxm2kvykvfsqvf8-direnv-2.37.1"
        },
        "x86_64-darwin": {
          "outputs": [
            {
              "name": "out",
              "path": "/nix/store/m77810day5glilqri3k3y9bz2v3vg72w-direnv-2.37.1",
              "default": true
            }
          ],
          "store_path": "/nix/store/m77810day5glilqri3k3y9bz2v3vg72w-direnv-2.37.1"
        },
        "x86_64-linux": {
          "outputs": [
            {
              "name": "out",
              "path": "/nix/store/qj6a7xr3knnl5wjs3rvr8ajbjkxbn32f-direnv-2.37.1",
              "default": true
            }
          ],
          "store_path": "/nix/store/qj6a7xr3knnl5wjs3rvr8ajbjkxbn32f-direnv-2.37.1"
        }
      }
    },
    "elmPackages.elm-language-server@latest": {
      "last_modified": "2025-07-28T17:09:23Z",
      "resolved": "github:NixOS/nixpkgs/648f70160c03151bc2121d179291337ad6bc564b#elmPackages.elm-language-server",
      "source": "devbox-search",
      "version": "2.8.0",
      "systems": {
        "aarch64-darwin": {
          "outputs": [
            {
              "name": "out",
              "path": "/nix/store/1f15xfqx9phg649wmifk6dnh5vjsivl7-_at_elm-tooling_slash_elm-language-server-2.8.0",
              "default": true
            }
          ],
          "store_path": "/nix/store/1f15xfqx9phg649wmifk6dnh5vjsivl7-_at_elm-tooling_slash_elm-language-server-2.8.0"
        },
        "aarch64-linux": {
          "outputs": [
            {
              "name": "out",
              "path": "/nix/store/hm23bh3kisl00nlm7v999ds1ylm4jzah-_at_elm-tooling_slash_elm-language-server-2.8.0",
              "default": true
            }
          ],
          "store_path": "/nix/store/hm23bh3kisl00nlm7v999ds1ylm4jzah-_at_elm-tooling_slash_elm-language-server-2.8.0"
        },
        "x86_64-darwin": {
          "outputs": [
            {
              "name": "out",
              "path": "/nix/store/cs890paaqmriqldixlq2fjzlv89d7mic-_at_elm-tooling_slash_elm-language-server-2.8.0",
              "default": true
            }
          ],
          "store_path": "/nix/store/cs890paaqmriqldixlq2fjzlv89d7mic-_at_elm-tooling_slash_elm-language-server-2.8.0"
        },
        "x86_64-linux": {
          "outputs": [
            {
              "name": "out",
              "path": "/nix/store/vx1sip7j1k4f19ggjvks19nw5jggmg3v-_at_elm-tooling_slash_elm-language-server-2.8.0",
              "default": true
            }
          ],
          "store_path": "/nix/store/vx1sip7j1k4f19ggjvks19nw5jggmg3v-_at_elm-tooling_slash_elm-language-server-2.8.0"
        }
      }
    },
    "ffmpeg@latest": {
      "last_modified": "2025-08-12T09:17:37Z",
      "resolved": "github:NixOS/nixpkgs/372d9eeeafa5b15913201e2b92e8e539ac7c64d1#ffmpeg",
      "source": "devbox-search",
      "version": "7.1.1",
      "systems": {
        "aarch64-darwin": {
          "outputs": [
            {
              "name": "bin",
              "path": "/nix/store/gkgrqbp39zvrbmkk1alq98sxxs0ra09i-ffmpeg-7.1.1-bin",
              "default": true
            },
            {
              "name": "man",
              "path": "/nix/store/8dvz9qflvfzaq5gppmh8fzhs9qn8spjm-ffmpeg-7.1.1-man",
              "default": true
            },
            {
              "name": "data",
              "path": "/nix/store/b8pdx5iq32fpg84pl8fplhgljlfg0mrz-ffmpeg-7.1.1-data"
            },
            {
              "name": "dev",
              "path": "/nix/store/1abzm62nfgzmpw6s6npz1rin6ppfcqzg-ffmpeg-7.1.1-dev"
            },
            {
              "name": "doc",
              "path": "/nix/store/q59425ijrbidn14py0vwx65h4zkq3snx-ffmpeg-7.1.1-doc"
            },
            {
              "name": "lib",
              "path": "/nix/store/7zcgjn45sfnm41n2slc5wwv0r50jz4yc-ffmpeg-7.1.1-lib"
            },
            {
              "name": "out",
              "path": "/nix/store/gc39pwvnpqsrn71bz63kakg7ylrfzmc7-ffmpeg-7.1.1"
            }
          ],
          "store_path": "/nix/store/gkgrqbp39zvrbmkk1alq98sxxs0ra09i-ffmpeg-7.1.1-bin"
        },
        "aarch64-linux": {
          "outputs": [
            {
              "name": "bin",
              "path": "/nix/store/611i8s479ln8rf3j2fbbbq1l9hdk4i67-ffmpeg-7.1.1-bin",
              "default": true
            },
            {
              "name": "man",
              "path": "/nix/store/wrjizy5ilzsnfkvcjqpprdrc9bi128y9-ffmpeg-7.1.1-man",
              "default": true
            },
            {
              "name": "dev",
              "path": "/nix/store/9avsfi3anri888m7mfpi3vs2agqbp93x-ffmpeg-7.1.1-dev"
            },
            {
              "name": "doc",
              "path": "/nix/store/0rjaz9j0qd76jv0d1b4miv85kyn6vi6h-ffmpeg-7.1.1-doc"
            },
            {
              "name": "lib",
              "path": "/nix/store/la9cjmn1y069ldhpzvdkg719hadb3rri-ffmpeg-7.1.1-lib"
            },
            {
              "name": "out",
              "path": "/nix/store/nrsbrmbnyz1cz4yq8irwl76n3qm90cnh-ffmpeg-7.1.1"
            },
            {
              "name": "data",
              "path": "/nix/store/1cfffndq9rf121jmw3nbl3mwkhihhp4v-ffmpeg-7.1.1-data"
            }
          ],
          "store_path": "/nix/store/611i8s479ln8rf3j2fbbbq1l9hdk4i67-ffmpeg-7.1.1-bin"
        },
        "x86_64-darwin": {
          "outputs": [
            {
              "name": "bin",
              "path": "/nix/store/7m9y5qgxrpf6hl8q2gl4c1fmgabyngi1-ffmpeg-7.1.1-bin",
              "default": true
            },
            {
              "name": "man",
              "path": "/nix/store/vdbyl17npnpjnwg5709fmnzsz1yb8y4l-ffmpeg-7.1.1-man",
              "default": true
            },
            {
              "name": "out",
              "path": "/nix/store/29750146f2chlkanzpffvs21kcgfxlkx-ffmpeg-7.1.1"
            },
            {
              "name": "data",
              "path": "/nix/store/lvqs2k281yv6c9d629jxd4k6cyax64g2-ffmpeg-7.1.1-data"
            },
            {
              "name": "dev",
              "path": "/nix/store/c1qnpg1sr7ka9ifb3asdgwry2x1bjy47-ffmpeg-7.1.1-dev"
            },
            {
              "name": "doc",
              "path": "/nix/store/cdjqmy6i8lnsw9km19jk2aqjz9djqj1f-ffmpeg-7.1.1-doc"
            },
            {
              "name": "lib",
              "path": "/nix/store/y94dz1xxvvwhmry0gy65abnh1kx6ipi4-ffmpeg-7.1.1-lib"
            }
          ],
          "store_path": "/nix/store/7m9y5qgxrpf6hl8q2gl4c1fmgabyngi1-ffmpeg-7.1.1-bin"
        },
        "x86_64-linux": {
          "outputs": [
            {
              "name": "bin",
              "path": "/nix/store/apsks1qb01pjn8q4g3ypl1rbsgz6vvyc-ffmpeg-7.1.1-bin",
              "default": true
            },
            {
              "name": "man",
              "path": "/nix/store/y7vyzxw0pdaqdbn1ahz9bjp0hipnwnhv-ffmpeg-7.1.1-man",
              "default": true
            },
            {
              "name": "lib",
              "path": "/nix/store/z5dk1v08a5w269l5i4702yrs5rqwp2g9-ffmpeg-7.1.1-lib"
            },
            {
              "name": "out",
              "path": "/nix/store/83fdi7gqayqyr898xlplnck7qapz98nm-ffmpeg-7.1.1"
            },
            {
              "name": "data",
              "path": "/nix/store/h9idg6pqrfa1hv33ns3slkak416jfx9h-ffmpeg-7.1.1-data"
            },
            {
              "name": "dev",
              "path": "/nix/store/18zwbjlmwnmxanrlhiwjs0ppcdv9phfj-ffmpeg-7.1.1-dev"
            },
            {
              "name": "doc",
              "path": "/nix/store/sy8l9q3knk2x0h9ywa23v58aiv98j104-ffmpeg-7.1.1-doc"
            }
          ],
          "store_path": "/nix/store/apsks1qb01pjn8q4g3ypl1rbsgz6vvyc-ffmpeg-7.1.1-bin"
        }
      }
    },
    "fish@latest": {
      "last_modified": "2025-07-28T17:09:23Z",
      "resolved": "github:NixOS/nixpkgs/648f70160c03151bc2121d179291337ad6bc564b#fish",
      "source": "devbox-search",
      "version": "4.0.2",
      "systems": {
        "aarch64-darwin": {
          "outputs": [
            {
              "name": "out",
              "path": "/nix/store/p5r74hasrsfv1cbx0v3kbwi3zljas0fj-fish-4.0.2",
              "default": true
            },
            {
              "name": "doc",
              "path": "/nix/store/4ph9iy557mz395g2dsgh4vcqd3cgip0a-fish-4.0.2-doc"
            }
          ],
          "store_path": "/nix/store/p5r74hasrsfv1cbx0v3kbwi3zljas0fj-fish-4.0.2"
        },
        "aarch64-linux": {
          "outputs": [
            {
              "name": "out",
              "path": "/nix/store/28sw33ddggf3mmmglxqrxrqikwbfsk5j-fish-4.0.2",
              "default": true
            },
            {
              "name": "doc",
              "path": "/nix/store/rnxla9ibb3gk63aj5yxiazgjmkdbwy30-fish-4.0.2-doc"
            }
          ],
          "store_path": "/nix/store/28sw33ddggf3mmmglxqrxrqikwbfsk5j-fish-4.0.2"
        },
        "x86_64-darwin": {
          "outputs": [
            {
              "name": "out",
              "path": "/nix/store/510f11aiiqnlvf1slx4lg51955cbxnxs-fish-4.0.2",
              "default": true
            },
            {
              "name": "doc",
              "path": "/nix/store/rzqvjf9rcwswmlgh2cjzb0rpcpndp3v9-fish-4.0.2-doc"
            }
          ],
          "store_path": "/nix/store/510f11aiiqnlvf1slx4lg51955cbxnxs-fish-4.0.2"
        },
        "x86_64-linux": {
          "outputs": [
            {
              "name": "out",
              "path": "/nix/store/72wavnz6zncpbg6alfb8vkay7cz766bd-fish-4.0.2",
              "default": true
            },
            {
              "name": "doc",
              "path": "/nix/store/i5q7mr8bplmg4vxl4zp15x2dbycdsy5v-fish-4.0.2-doc"
            }
          ],
          "store_path": "/nix/store/72wavnz6zncpbg6alfb8vkay7cz766bd-fish-4.0.2"
        }
      }
    },
    "fzf@latest": {
      "last_modified": "2025-08-08T08:05:48Z",
      "resolved": "github:NixOS/nixpkgs/a3f3e3f2c983e957af6b07a1db98bafd1f87b7a1#fzf",
      "source": "devbox-search",
      "version": "0.65.1",
      "systems": {
        "aarch64-darwin": {
          "outputs": [
            {
              "name": "out",
              "path": "/nix/store/1g47v585sy9mbp83bpr15xm00jk6zfqd-fzf-0.65.1",
              "default": true
            },
            {
              "name": "man",
              "path": "/nix/store/bi6hvv72zh2zqgagirqvpjddpyfb8jkq-fzf-0.65.1-man",
              "default": true
            }
          ],
          "store_path": "/nix/store/1g47v585sy9mbp83bpr15xm00jk6zfqd-fzf-0.65.1"
        },
        "aarch64-linux": {
          "outputs": [
            {
              "name": "out",
              "path": "/nix/store/cxw0r42cdwggxgnsxzh5v7h5szb4zn52-fzf-0.65.1",
              "default": true
            },
            {
              "name": "man",
              "path": "/nix/store/rw1fi4rdjpxcv1x1ln5q5iqdgp3bi0k3-fzf-0.65.1-man",
              "default": true
            }
          ],
          "store_path": "/nix/store/cxw0r42cdwggxgnsxzh5v7h5szb4zn52-fzf-0.65.1"
        },
        "x86_64-darwin": {
          "outputs": [
            {
              "name": "out",
              "path": "/nix/store/dnjnbx0yci902phzbdcjc5d6328xswy6-fzf-0.65.1",
              "default": true
            },
            {
              "name": "man",
              "path": "/nix/store/1f9mh3lghzdj06wf5g4cdypyva712idf-fzf-0.65.1-man",
              "default": true
            }
          ],
          "store_path": "/nix/store/dnjnbx0yci902phzbdcjc5d6328xswy6-fzf-0.65.1"
        },
        "x86_64-linux": {
          "outputs": [
            {
              "name": "out",
              "path": "/nix/store/6a4wknif1z62kdn3cbkak78kyf462cxj-fzf-0.65.1",
              "default": true
            },
            {
              "name": "man",
              "path": "/nix/store/2jb1xjfcilpzcgd692qb84gn87cvvhl7-fzf-0.65.1-man",
              "default": true
            }
          ],
          "store_path": "/nix/store/6a4wknif1z62kdn3cbkak78kyf462cxj-fzf-0.65.1"
        }
      }
    },
    "gemini-cli@latest": {
      "last_modified": "2025-08-11T16:06:55Z",
      "resolved": "github:NixOS/nixpkgs/4e942f9ef5b35526597c354d1ded817d1c285ef1#gemini-cli",
      "source": "devbox-search",
      "version": "0.1.18",
      "systems": {
        "aarch64-darwin": {
          "outputs": [
            {
              "name": "out",
              "path": "/nix/store/9a6sq7wmwgdxabzlk7791g5cab896a1i-gemini-cli-0.1.18",
              "default": true
            }
          ],
          "store_path": "/nix/store/9a6sq7wmwgdxabzlk7791g5cab896a1i-gemini-cli-0.1.18"
        },
        "aarch64-linux": {
          "outputs": [
            {
              "name": "out",
              "path": "/nix/store/019wbdhyhspjbwz3ikj9dsrwjnphk5i6-gemini-cli-0.1.18",
              "default": true
            }
          ],
          "store_path": "/nix/store/019wbdhyhspjbwz3ikj9dsrwjnphk5i6-gemini-cli-0.1.18"
        },
        "x86_64-darwin": {
          "outputs": [
            {
              "name": "out",
              "path": "/nix/store/gvkh3glzilfkgpkbc1ih37lw2jw7w3gc-gemini-cli-0.1.18",
              "default": true
            }
          ],
          "store_path": "/nix/store/gvkh3glzilfkgpkbc1ih37lw2jw7w3gc-gemini-cli-0.1.18"
        },
        "x86_64-linux": {
          "outputs": [
            {
              "name": "out",
              "path": "/nix/store/jdh21afmi9vijcnaksgns7plg460llyw-gemini-cli-0.1.18",
              "default": true
            }
          ],
          "store_path": "/nix/store/jdh21afmi9vijcnaksgns7plg460llyw-gemini-cli-0.1.18"
        }
      }
    },
    "gh@latest": {
      "last_modified": "2025-08-01T06:30:45Z",
      "resolved": "github:NixOS/nixpkgs/a7822a17050fedda63794775b9090880c8214290#gh",
      "source": "devbox-search",
      "version": "2.76.2",
      "systems": {
        "aarch64-darwin": {
          "outputs": [
            {
              "name": "out",
              "path": "/nix/store/03sfs0afrm8j3gwrdnj324zw7yg959bd-gh-2.76.2",
              "default": true
            }
          ],
          "store_path": "/nix/store/03sfs0afrm8j3gwrdnj324zw7yg959bd-gh-2.76.2"
        },
        "aarch64-linux": {
          "outputs": [
            {
              "name": "out",
              "path": "/nix/store/pc1gkqbg0di68fpxqg5dxz0dvdvldf1a-gh-2.76.2",
              "default": true
            }
          ],
          "store_path": "/nix/store/pc1gkqbg0di68fpxqg5dxz0dvdvldf1a-gh-2.76.2"
        },
        "x86_64-darwin": {
          "outputs": [
            {
              "name": "out",
              "path": "/nix/store/6sxip9nc0v8hsdyzjdhmj1qsxr3m4p6i-gh-2.76.2",
              "default": true
            }
          ],
          "store_path": "/nix/store/6sxip9nc0v8hsdyzjdhmj1qsxr3m4p6i-gh-2.76.2"
        },
        "x86_64-linux": {
          "outputs": [
            {
              "name": "out",
              "path": "/nix/store/72ihgykz0r9a5s3iqzrcm9x2rnp3sjap-gh-2.76.2",
              "default": true
            }
          ],
          "store_path": "/nix/store/72ihgykz0r9a5s3iqzrcm9x2rnp3sjap-gh-2.76.2"
        }
      }
    },
    "gemini-cli@latest": {
      "last_modified": "2025-08-11T16:06:55Z",
      "resolved": "github:NixOS/nixpkgs/4e942f9ef5b35526597c354d1ded817d1c285ef1#gemini-cli",
      "source": "devbox-search",
      "version": "0.1.18",
      "systems": {
        "aarch64-darwin": {
          "outputs": [
            {
              "name": "out",
              "path": "/nix/store/9a6sq7wmwgdxabzlk7791g5cab896a1i-gemini-cli-0.1.18",
              "default": true
            }
          ],
          "store_path": "/nix/store/9a6sq7wmwgdxabzlk7791g5cab896a1i-gemini-cli-0.1.18"
        },
        "aarch64-linux": {
          "outputs": [
            {
              "name": "out",
              "path": "/nix/store/019wbdhyhspjbwz3ikj9dsrwjnphk5i6-gemini-cli-0.1.18",
              "default": true
            }
          ],
          "store_path": "/nix/store/019wbdhyhspjbwz3ikj9dsrwjnphk5i6-gemini-cli-0.1.18"
        },
        "x86_64-darwin": {
          "outputs": [
            {
              "name": "out",
              "path": "/nix/store/gvkh3glzilfkgpkbc1ih37lw2jw7w3gc-gemini-cli-0.1.18",
              "default": true
            }
          ],
          "store_path": "/nix/store/gvkh3glzilfkgpkbc1ih37lw2jw7w3gc-gemini-cli-0.1.18"
        },
        "x86_64-linux": {
          "outputs": [
            {
              "name": "out",
              "path": "/nix/store/jdh21afmi9vijcnaksgns7plg460llyw-gemini-cli-0.1.18",
              "default": true
            }
          ],
          "store_path": "/nix/store/jdh21afmi9vijcnaksgns7plg460llyw-gemini-cli-0.1.18"
        }
      }
    },
    "github:NixOS/nixpkgs/nixpkgs-unstable": {
      "last_modified": "2025-08-24T11:35:28Z",
      "resolved": "github:NixOS/nixpkgs/6b0b1559e918d4f7d1df398ee1d33aeac586d4d6?lastModified=1756035328&narHash=sha256-vC7SslUBCtdT3T37ZH3PLIWYmTkSeppL5BJJByUjYCM%3D"
    },
    "jq@latest": {
      "last_modified": "2025-08-12T09:17:37Z",
      "resolved": "github:NixOS/nixpkgs/372d9eeeafa5b15913201e2b92e8e539ac7c64d1#jq",
      "source": "devbox-search",
      "version": "1.8.1",
      "systems": {
        "aarch64-darwin": {
          "outputs": [
            {
              "name": "bin",
              "path": "/nix/store/bk70k4fzjkki438jhl73ry55amwhvzkd-jq-1.8.1-bin",
              "default": true
            },
            {
              "name": "man",
              "path": "/nix/store/vn6dfky85mpw670m4c2zi61cvjcx1asj-jq-1.8.1-man",
              "default": true
            },
            {
              "name": "dev",
              "path": "/nix/store/4jjfl7vg6y26npsx078850sr5lghx8mi-jq-1.8.1-dev"
            },
            {
              "name": "doc",
              "path": "/nix/store/j8nb6pqjccz7j4nn4mqmx92yvgl31ajl-jq-1.8.1-doc"
            },
            {
              "name": "out",
              "path": "/nix/store/z7npa6zipbnn7akq0dzpvp6ldc53qvbl-jq-1.8.1"
            }
          ],
          "store_path": "/nix/store/bk70k4fzjkki438jhl73ry55amwhvzkd-jq-1.8.1-bin"
        },
        "aarch64-linux": {
          "outputs": [
            {
              "name": "bin",
              "path": "/nix/store/k881xdkfjqnyaclrq5n1lfxjnv1z70ds-jq-1.8.1-bin",
              "default": true
            },
            {
              "name": "man",
              "path": "/nix/store/51fwmry2hkrsdnzb9nngwhffm0rnha72-jq-1.8.1-man",
              "default": true
            },
            {
              "name": "dev",
              "path": "/nix/store/zbw60md1qi8bif7k5qmh9l4an8hx924g-jq-1.8.1-dev"
            },
            {
              "name": "doc",
              "path": "/nix/store/k19ngx2hsicd6qvl5lxx878ag9443pwq-jq-1.8.1-doc"
            },
            {
              "name": "out",
              "path": "/nix/store/5sq5gjdf3v9pc4b78mfx1v9vkzx65dhk-jq-1.8.1"
            }
          ],
          "store_path": "/nix/store/k881xdkfjqnyaclrq5n1lfxjnv1z70ds-jq-1.8.1-bin"
        },
        "x86_64-darwin": {
          "outputs": [
            {
              "name": "bin",
              "path": "/nix/store/n9hbqknz3fxayw3c4y2l7yipa7n975ic-jq-1.8.1-bin",
              "default": true
            },
            {
              "name": "man",
              "path": "/nix/store/46h6qyk0f9436w8pcvgx7h59j0ic41iv-jq-1.8.1-man",
              "default": true
            },
            {
              "name": "doc",
              "path": "/nix/store/ac3lal7kk1vbri37b2v5c1r8dq8356qs-jq-1.8.1-doc"
            },
            {
              "name": "out",
              "path": "/nix/store/n94wp81gr2ifwzy6fzc8andk4h2cmnia-jq-1.8.1"
            },
            {
              "name": "dev",
              "path": "/nix/store/frdhk9q6bvdpx6pjspxvp56wqmj5xrwr-jq-1.8.1-dev"
            }
          ],
          "store_path": "/nix/store/n9hbqknz3fxayw3c4y2l7yipa7n975ic-jq-1.8.1-bin"
        },
        "x86_64-linux": {
          "outputs": [
            {
              "name": "bin",
              "path": "/nix/store/kwxm52f2g9ap890pfj2j4ryzq2gj2i69-jq-1.8.1-bin",
              "default": true
            },
            {
              "name": "man",
              "path": "/nix/store/pdh9j4z29n3m1xahvssji96cfgk21a43-jq-1.8.1-man",
              "default": true
            },
            {
              "name": "out",
              "path": "/nix/store/mmi8dxjdsv8r9jxnyd3dqwqakxda1796-jq-1.8.1"
            },
            {
              "name": "dev",
              "path": "/nix/store/h0xayyfsl9f17bss0x1xhhz7c3n5fq43-jq-1.8.1-dev"
            },
            {
              "name": "doc",
              "path": "/nix/store/j9idg8al8k1fs1v3sm6axc9zsd8zj5vn-jq-1.8.1-doc"
            }
          ],
          "store_path": "/nix/store/kwxm52f2g9ap890pfj2j4ryzq2gj2i69-jq-1.8.1-bin"
        }
      }
    },
    "mas@latest": {
      "last_modified": "2025-07-28T17:09:23Z",
      "resolved": "github:NixOS/nixpkgs/648f70160c03151bc2121d179291337ad6bc564b#mas",
      "source": "devbox-search",
      "version": "2.2.2",
      "systems": {
        "aarch64-darwin": {
          "outputs": [
            {
              "name": "out",
              "path": "/nix/store/5jas128gcxp3hs95lmdvyv9365hazyfw-mas-2.2.2",
              "default": true
            }
          ],
          "store_path": "/nix/store/5jas128gcxp3hs95lmdvyv9365hazyfw-mas-2.2.2"
        },
        "x86_64-darwin": {
          "outputs": [
            {
              "name": "out",
              "path": "/nix/store/xmqrxj91cnjivnm8gd4w855bxipb1bq2-mas-2.2.2",
              "default": true
            }
          ],
          "store_path": "/nix/store/xmqrxj91cnjivnm8gd4w855bxipb1bq2-mas-2.2.2"
        }
      }
    },
    "mercurial@latest": {
      "last_modified": "2025-07-28T17:09:23Z",
      "resolved": "github:NixOS/nixpkgs/648f70160c03151bc2121d179291337ad6bc564b#mercurial",
      "source": "devbox-search",
      "version": "6.9.4",
      "systems": {
        "aarch64-darwin": {
          "outputs": [
            {
              "name": "out",
              "path": "/nix/store/p29ymvdv632ib081f0rvpg3m0jayrzm8-mercurial-6.9.4",
              "default": true
            }
          ],
          "store_path": "/nix/store/p29ymvdv632ib081f0rvpg3m0jayrzm8-mercurial-6.9.4"
        },
        "aarch64-linux": {
          "outputs": [
            {
              "name": "out",
              "path": "/nix/store/9w51kwqgafvwg2z5ayb82333509k4m4w-mercurial-6.9.4",
              "default": true
            }
          ],
          "store_path": "/nix/store/9w51kwqgafvwg2z5ayb82333509k4m4w-mercurial-6.9.4"
        },
        "x86_64-darwin": {
          "outputs": [
            {
              "name": "out",
              "path": "/nix/store/1bv63bjak88cyfyyvigy3zk8iw53hq3m-mercurial-6.9.4",
              "default": true
            }
          ],
          "store_path": "/nix/store/1bv63bjak88cyfyyvigy3zk8iw53hq3m-mercurial-6.9.4"
        },
        "x86_64-linux": {
          "outputs": [
            {
              "name": "out",
              "path": "/nix/store/cx0d3i6kkrj0w4bx2q02441l3f5544cr-mercurial-6.9.4",
              "default": true
            }
          ],
          "store_path": "/nix/store/cx0d3i6kkrj0w4bx2q02441l3f5544cr-mercurial-6.9.4"
        }
      }
    },
    "nix-direnv@latest": {
      "last_modified": "2025-07-28T17:09:23Z",
      "resolved": "github:NixOS/nixpkgs/648f70160c03151bc2121d179291337ad6bc564b#nix-direnv",
      "source": "devbox-search",
      "version": "3.1.0",
      "systems": {
        "aarch64-darwin": {
          "outputs": [
            {
              "name": "out",
              "path": "/nix/store/k8daq72k9dhjiqb9lr6ppx5z49niwdq6-nix-direnv-3.1.0",
              "default": true
            }
          ],
          "store_path": "/nix/store/k8daq72k9dhjiqb9lr6ppx5z49niwdq6-nix-direnv-3.1.0"
        },
        "aarch64-linux": {
          "outputs": [
            {
              "name": "out",
              "path": "/nix/store/0jk2w8i5xkqp7pldm60cc6zcsaasvc5g-nix-direnv-3.1.0",
              "default": true
            }
          ],
          "store_path": "/nix/store/0jk2w8i5xkqp7pldm60cc6zcsaasvc5g-nix-direnv-3.1.0"
        },
        "x86_64-darwin": {
          "outputs": [
            {
              "name": "out",
              "path": "/nix/store/zbyzklmh4khhsa8n10wpffdxr81w8wlc-nix-direnv-3.1.0",
              "default": true
            }
          ],
          "store_path": "/nix/store/zbyzklmh4khhsa8n10wpffdxr81w8wlc-nix-direnv-3.1.0"
        },
        "x86_64-linux": {
          "outputs": [
            {
              "name": "out",
              "path": "/nix/store/5sjkk2qv936b39n2vsbfp065dw9ljbrh-nix-direnv-3.1.0",
              "default": true
            }
          ],
          "store_path": "/nix/store/5sjkk2qv936b39n2vsbfp065dw9ljbrh-nix-direnv-3.1.0"
        }
      }
    },
    "nodejs@latest": {
      "last_modified": "2025-08-11T07:05:29Z",
      "plugin_version": "0.0.2",
      "resolved": "github:NixOS/nixpkgs/9585e9192aadc13ec3e49f33f8333bd3cda524df#nodejs_24",
      "source": "devbox-search",
      "version": "24.5.0",
      "systems": {
        "aarch64-darwin": {
          "outputs": [
            {
              "name": "out",
              "path": "/nix/store/b1j05q96hwagn787p2jlgqcjg2nf5x49-nodejs-24.5.0",
              "default": true
            },
            {
              "name": "dev",
              "path": "/nix/store/j6ayg4xpqy9xdxgrhpqylzq8v7v07c6r-nodejs-24.5.0-dev"
            },
            {
              "name": "libv8",
              "path": "/nix/store/3ys6v5s5gvd9snwnl4saynl6av7mz3vy-nodejs-24.5.0-libv8"
            }
          ],
          "store_path": "/nix/store/b1j05q96hwagn787p2jlgqcjg2nf5x49-nodejs-24.5.0"
        },
        "aarch64-linux": {
          "outputs": [
            {
              "name": "out",
              "path": "/nix/store/1kn0vh4gf3a22arldrw694apq3fhgp15-nodejs-24.5.0",
              "default": true
            },
            {
              "name": "dev",
              "path": "/nix/store/i3lqaj3j6znhnzh8ayka6q85r81ppxnw-nodejs-24.5.0-dev"
            },
            {
              "name": "libv8",
              "path": "/nix/store/jjw6xgmg6qynp336g9igqnzlfbhzxr2i-nodejs-24.5.0-libv8"
            }
          ],
          "store_path": "/nix/store/1kn0vh4gf3a22arldrw694apq3fhgp15-nodejs-24.5.0"
        },
        "x86_64-darwin": {
          "outputs": [
            {
              "name": "out",
              "path": "/nix/store/sbcg21wp4bdzyh2542v77sp535kvfbfq-nodejs-24.5.0",
              "default": true
            },
            {
              "name": "libv8",
              "path": "/nix/store/75b7iix0pbmxmfnmv90l3q0ll1gc75az-nodejs-24.5.0-libv8"
            },
            {
              "name": "dev",
              "path": "/nix/store/fg7pi9s6m0spci1pfqbny0kxmk832i3r-nodejs-24.5.0-dev"
            }
          ],
          "store_path": "/nix/store/sbcg21wp4bdzyh2542v77sp535kvfbfq-nodejs-24.5.0"
        },
        "x86_64-linux": {
          "outputs": [
            {
              "name": "out",
              "path": "/nix/store/357id3rjy9417k4dkvxxmpgd9bxrwc7l-nodejs-24.5.0",
              "default": true
            },
            {
              "name": "dev",
              "path": "/nix/store/0drh8jjq84sji6889l2k3ysmvy7sc9sg-nodejs-24.5.0-dev"
            },
            {
              "name": "libv8",
              "path": "/nix/store/kdlv4q7sgap0z43cylklhxz1g1q7751b-nodejs-24.5.0-libv8"
            }
          ],
          "store_path": "/nix/store/357id3rjy9417k4dkvxxmpgd9bxrwc7l-nodejs-24.5.0"
        }
      }
    },
    "openssl@latest": {
      "last_modified": "2025-08-12T09:17:37Z",
      "resolved": "github:NixOS/nixpkgs/372d9eeeafa5b15913201e2b92e8e539ac7c64d1#openssl",
      "source": "devbox-search",
      "version": "3.5.1",
      "systems": {
        "aarch64-darwin": {
          "outputs": [
            {
              "name": "bin",
              "path": "/nix/store/izq1292gji1xs6m3x68b8qx7zqan05f8-openssl-3.5.1-bin",
              "default": true
            },
            {
              "name": "man",
              "path": "/nix/store/0l182727myjmvfzsy8gx6inh3x504il3-openssl-3.5.1-man",
              "default": true
            },
            {
              "name": "dev",
              "path": "/nix/store/ng9za9qmgb7bvyjamx0c3y647d9aprmp-openssl-3.5.1-dev"
            },
            {
              "name": "doc",
              "path": "/nix/store/ggbmkvwiw1s919lyqqk75xks4v2cdbiw-openssl-3.5.1-doc"
            },
            {
              "name": "out",
              "path": "/nix/store/v7ip9q2908xcmq4i9wray4w1g81qb3sc-openssl-3.5.1"
            }
          ],
          "store_path": "/nix/store/izq1292gji1xs6m3x68b8qx7zqan05f8-openssl-3.5.1-bin"
        },
        "aarch64-linux": {
          "outputs": [
            {
              "name": "bin",
              "path": "/nix/store/xzmj7xk823r8lmjy6sjsg2g4blxybfi3-openssl-3.5.1-bin",
              "default": true
            },
            {
              "name": "man",
              "path": "/nix/store/vr911qc1hr53s8m6ylymp4cvhwqi45mv-openssl-3.5.1-man",
              "default": true
            },
            {
              "name": "dev",
              "path": "/nix/store/1p4cdalnyisvhlkl8w73q4qnns06ydvj-openssl-3.5.1-dev"
            },
            {
              "name": "doc",
              "path": "/nix/store/xq02qv12hlmhpz1109h7bp165i0a716r-openssl-3.5.1-doc"
            },
            {
              "name": "out",
              "path": "/nix/store/mcjp51nvbchqx54r6vhm718vjrdjb2a2-openssl-3.5.1"
            },
            {
              "name": "debug",
              "path": "/nix/store/vwnqrwx87w232ch5dlihngsc35sf048r-openssl-3.5.1-debug"
            }
          ],
          "store_path": "/nix/store/xzmj7xk823r8lmjy6sjsg2g4blxybfi3-openssl-3.5.1-bin"
        },
        "x86_64-darwin": {
          "outputs": [
            {
              "name": "bin",
              "path": "/nix/store/2h8gv6njdcsiq3z2raqjk3g0wz0kzzlw-openssl-3.5.1-bin",
              "default": true
            },
            {
              "name": "man",
              "path": "/nix/store/4zgwnvcfz96amr18cqprlnma8hw1hjl9-openssl-3.5.1-man",
              "default": true
            },
            {
              "name": "dev",
              "path": "/nix/store/hniscv0s0f4kjbl2shclml5q4ag5pymd-openssl-3.5.1-dev"
            },
            {
              "name": "doc",
              "path": "/nix/store/b7r9rf7m7n3096jifgqv7gaddx42v7p9-openssl-3.5.1-doc"
            },
            {
              "name": "out",
              "path": "/nix/store/9pcqqs75c8lbimwzndvklpxjkjl2f009-openssl-3.5.1"
            }
          ],
          "store_path": "/nix/store/2h8gv6njdcsiq3z2raqjk3g0wz0kzzlw-openssl-3.5.1-bin"
        },
        "x86_64-linux": {
          "outputs": [
            {
              "name": "bin",
              "path": "/nix/store/vwggl55yh9lba643r5avc78n7cmmbi2a-openssl-3.5.1-bin",
              "default": true
            },
            {
              "name": "man",
              "path": "/nix/store/57mz84gznx0ljg972m5ws4kcg3s1wdss-openssl-3.5.1-man",
              "default": true
            },
            {
              "name": "debug",
              "path": "/nix/store/3kmhc9kdw1niw1hn7xfnixhm7irgws2r-openssl-3.5.1-debug"
            },
            {
              "name": "dev",
              "path": "/nix/store/b97gjl5zygaf6vzxsa1lf7jih8q4xi00-openssl-3.5.1-dev"
            },
            {
              "name": "doc",
              "path": "/nix/store/a9m4vmx5ch8jq4xdmf8sy2bn1qxl2s8j-openssl-3.5.1-doc"
            },
            {
              "name": "out",
              "path": "/nix/store/lyl9yxxz8a3mlaxvm0jln6mglpbf2fha-openssl-3.5.1"
            }
          ],
          "store_path": "/nix/store/vwggl55yh9lba643r5avc78n7cmmbi2a-openssl-3.5.1-bin"
        }
      }
    },
    "pandoc@latest": {
      "last_modified": "2025-07-28T17:09:23Z",
      "resolved": "github:NixOS/nixpkgs/648f70160c03151bc2121d179291337ad6bc564b#pandoc",
      "source": "devbox-search",
      "version": "3.6",
      "systems": {
        "aarch64-darwin": {
          "outputs": [
            {
              "name": "out",
              "path": "/nix/store/xvv6ywa8k1jglrq2nnw7q6v24y9fllk9-pandoc-cli-3.6",
              "default": true
            }
          ],
          "store_path": "/nix/store/xvv6ywa8k1jglrq2nnw7q6v24y9fllk9-pandoc-cli-3.6"
        },
        "aarch64-linux": {
          "outputs": [
            {
              "name": "out",
              "path": "/nix/store/c5hmvi4k3ngy9581mhaxpa0400zgc98p-pandoc-cli-3.6",
              "default": true
            }
          ],
          "store_path": "/nix/store/c5hmvi4k3ngy9581mhaxpa0400zgc98p-pandoc-cli-3.6"
        },
        "x86_64-darwin": {
          "outputs": [
            {
              "name": "out",
              "path": "/nix/store/121jrcfinkibbq78pzrs5n52qnpmxds2-pandoc-cli-3.6",
              "default": true
            }
          ],
          "store_path": "/nix/store/121jrcfinkibbq78pzrs5n52qnpmxds2-pandoc-cli-3.6"
        },
        "x86_64-linux": {
          "outputs": [
            {
              "name": "out",
              "path": "/nix/store/zl2ga0yhal1yhp91n8bcskxnqj2pyx4y-pandoc-cli-3.6",
              "default": true
            }
          ],
          "store_path": "/nix/store/zl2ga0yhal1yhp91n8bcskxnqj2pyx4y-pandoc-cli-3.6"
        }
      }
    },
    "ripgrep@latest": {
      "last_modified": "2025-07-28T17:09:23Z",
      "resolved": "github:NixOS/nixpkgs/648f70160c03151bc2121d179291337ad6bc564b#ripgrep",
      "source": "devbox-search",
      "version": "14.1.1",
      "systems": {
        "aarch64-darwin": {
          "outputs": [
            {
              "name": "out",
              "path": "/nix/store/md9kfvsz7axcb5b1z2yw2mybi3lhxyha-ripgrep-14.1.1",
              "default": true
            }
          ],
          "store_path": "/nix/store/md9kfvsz7axcb5b1z2yw2mybi3lhxyha-ripgrep-14.1.1"
        },
        "aarch64-linux": {
          "outputs": [
            {
              "name": "out",
              "path": "/nix/store/slgpwy2f6j68p47hifz503251dgxb075-ripgrep-14.1.1",
              "default": true
            }
          ],
          "store_path": "/nix/store/slgpwy2f6j68p47hifz503251dgxb075-ripgrep-14.1.1"
        },
        "x86_64-darwin": {
          "outputs": [
            {
              "name": "out",
              "path": "/nix/store/m645jkssqpw05acf1cnz037via2y0j4q-ripgrep-14.1.1",
              "default": true
            }
          ],
          "store_path": "/nix/store/m645jkssqpw05acf1cnz037via2y0j4q-ripgrep-14.1.1"
        },
        "x86_64-linux": {
          "outputs": [
            {
              "name": "out",
              "path": "/nix/store/1ijacjhy42pqx7vfi5mnsqrps2k3b8xf-ripgrep-14.1.1",
              "default": true
            }
          ],
          "store_path": "/nix/store/1ijacjhy42pqx7vfi5mnsqrps2k3b8xf-ripgrep-14.1.1"
        }
      }
    },
    "tmux@latest": {
      "last_modified": "2024-09-28T11:58:19Z",
      "resolved": "github:NixOS/nixpkgs/b5b2fecd0cadd82ef107c9583018f381ae70f222#tmux",
      "source": "devbox-search",
      "version": "3.5",
      "systems": {
        "aarch64-darwin": {
          "outputs": [
            {
              "name": "out",
              "path": "/nix/store/hb9rmacsyjn2jbkfl12ax66qj9z86w8l-tmux-3.5",
              "default": true
            },
            {
              "name": "man",
              "path": "/nix/store/fzmxcplr3rqr0vm642fyschn4n43q43p-tmux-3.5-man",
              "default": true
            }
          ],
          "store_path": "/nix/store/hb9rmacsyjn2jbkfl12ax66qj9z86w8l-tmux-3.5"
        },
        "aarch64-linux": {
          "outputs": [
            {
              "name": "out",
              "path": "/nix/store/02sk9lggxfn3l59fk4zcyz5mr2li0zk9-tmux-3.5",
              "default": true
            },
            {
              "name": "man",
              "path": "/nix/store/mhsiwx0famlrp02d0lkiwdjiad5kc0qi-tmux-3.5-man",
              "default": true
            }
          ],
          "store_path": "/nix/store/02sk9lggxfn3l59fk4zcyz5mr2li0zk9-tmux-3.5"
        },
        "x86_64-darwin": {
          "outputs": [
            {
              "name": "out",
              "path": "/nix/store/ssaxd12iqz2mzacm782jpmyhdwydd4ra-tmux-3.5",
              "default": true
            },
            {
              "name": "man",
              "path": "/nix/store/zwsa51g32xdfpk9q2lpvvbrixf6jzhp3-tmux-3.5-man",
              "default": true
            }
          ],
          "store_path": "/nix/store/ssaxd12iqz2mzacm782jpmyhdwydd4ra-tmux-3.5"
        },
        "x86_64-linux": {
          "outputs": [
            {
              "name": "out",
              "path": "/nix/store/ci8crawb4cqjlqsmvbr9q27hpc16pbf9-tmux-3.5",
              "default": true
            },
            {
              "name": "man",
              "path": "/nix/store/ld4q0lkfk2vkh4jj6ql01j0qyb2g8qlj-tmux-3.5-man",
              "default": true
            }
          ],
          "store_path": "/nix/store/ci8crawb4cqjlqsmvbr9q27hpc16pbf9-tmux-3.5"
        }
      }
    },
    "tree@latest": {
      "last_modified": "2025-07-28T17:09:23Z",
      "resolved": "github:NixOS/nixpkgs/648f70160c03151bc2121d179291337ad6bc564b#tree",
      "source": "devbox-search",
      "version": "2.2.1",
      "systems": {
        "aarch64-darwin": {
          "outputs": [
            {
              "name": "out",
              "path": "/nix/store/nfjkc0q2hgpi4zcjh83jpap9vn8wvhb5-tree-2.2.1",
              "default": true
            }
          ],
          "store_path": "/nix/store/nfjkc0q2hgpi4zcjh83jpap9vn8wvhb5-tree-2.2.1"
        },
        "aarch64-linux": {
          "outputs": [
            {
              "name": "out",
              "path": "/nix/store/qc7i6cg7z70vzwkg0fdp66wn57cqn671-tree-2.2.1",
              "default": true
            }
          ],
          "store_path": "/nix/store/qc7i6cg7z70vzwkg0fdp66wn57cqn671-tree-2.2.1"
        },
        "x86_64-darwin": {
          "outputs": [
            {
              "name": "out",
              "path": "/nix/store/pjzz4q77ry54h95dd8n5vrx66pkrrjyi-tree-2.2.1",
              "default": true
            }
          ],
          "store_path": "/nix/store/pjzz4q77ry54h95dd8n5vrx66pkrrjyi-tree-2.2.1"
        },
        "x86_64-linux": {
          "outputs": [
            {
              "name": "out",
              "path": "/nix/store/524xz90lr7y38h26v4nazds20xji8lmx-tree-2.2.1",
              "default": true
            }
          ],
          "store_path": "/nix/store/524xz90lr7y38h26v4nazds20xji8lmx-tree-2.2.1"
        }
      }
    },
    "uv@latest": {
      "last_modified": "2025-07-28T17:09:23Z",
      "resolved": "github:NixOS/nixpkgs/648f70160c03151bc2121d179291337ad6bc564b#uv",
      "source": "devbox-search",
      "version": "0.8.2",
      "systems": {
        "aarch64-darwin": {
          "outputs": [
            {
              "name": "out",
              "path": "/nix/store/db9y1b002zlnyjgpsnbl9hvlwsiqajl4-uv-0.8.2",
              "default": true
            }
          ],
          "store_path": "/nix/store/db9y1b002zlnyjgpsnbl9hvlwsiqajl4-uv-0.8.2"
        },
        "aarch64-linux": {
          "outputs": [
            {
              "name": "out",
              "path": "/nix/store/bdps6h2gn2rysavc3cq2slqnjlsyyk03-uv-0.8.2",
              "default": true
            }
          ],
          "store_path": "/nix/store/bdps6h2gn2rysavc3cq2slqnjlsyyk03-uv-0.8.2"
        },
        "x86_64-darwin": {
          "outputs": [
            {
              "name": "out",
              "path": "/nix/store/91g6383zq1wbiik2an7g6yfrj294c19v-uv-0.8.2",
              "default": true
            }
          ],
          "store_path": "/nix/store/91g6383zq1wbiik2an7g6yfrj294c19v-uv-0.8.2"
        },
        "x86_64-linux": {
          "outputs": [
            {
              "name": "out",
              "path": "/nix/store/swq8qrr7n5gkc1b4940q62a3ll52prgl-uv-0.8.2",
              "default": true
            }
          ],
          "store_path": "/nix/store/swq8qrr7n5gkc1b4940q62a3ll52prgl-uv-0.8.2"
        }
      }
    }
  }
}
